// !$*UTF8*$!
{
	archiveVersion = 1;
	classes = {
	};
	objectVersion = 46;
	objects = {

/* Begin PBXBuildFile section */
		F524D46CE78D68B7C9FEE43F /* libPods.a in Frameworks */ = {isa = PBXBuildFile; fileRef = 87FBA3BF4A8C52406AAFD2C5 /* libPods.a */; };
		FC29FD021CBB3808000934B3 /* YHStudentModel.m in Sources */ = {isa = PBXBuildFile; fileRef = FC29FD011CBB3808000934B3 /* YHStudentModel.m */; };
		FC29FD051CBB3C0F000934B3 /* YHHomeViewController.m in Sources */ = {isa = PBXBuildFile; fileRef = FC29FD041CBB3C0F000934B3 /* YHHomeViewController.m */; };
		FC29FD4C1CBB5704000934B3 /* bitstream.c in Sources */ = {isa = PBXBuildFile; fileRef = FC29FD251CBB5704000934B3 /* bitstream.c */; };
		FC29FD4D1CBB5704000934B3 /* mask.c in Sources */ = {isa = PBXBuildFile; fileRef = FC29FD271CBB5704000934B3 /* mask.c */; };
		FC29FD4E1CBB5704000934B3 /* QRCodeGenerator.m in Sources */ = {isa = PBXBuildFile; fileRef = FC29FD2A1CBB5704000934B3 /* QRCodeGenerator.m */; };
		FC29FD4F1CBB5704000934B3 /* qrencode.c in Sources */ = {isa = PBXBuildFile; fileRef = FC29FD2B1CBB5704000934B3 /* qrencode.c */; };
		FC29FD501CBB5704000934B3 /* qrinput.c in Sources */ = {isa = PBXBuildFile; fileRef = FC29FD2D1CBB5704000934B3 /* qrinput.c */; };
		FC29FD511CBB5704000934B3 /* qrspec.c in Sources */ = {isa = PBXBuildFile; fileRef = FC29FD2F1CBB5704000934B3 /* qrspec.c */; };
		FC29FD521CBB5704000934B3 /* rscode.c in Sources */ = {isa = PBXBuildFile; fileRef = FC29FD311CBB5704000934B3 /* rscode.c */; };
		FC29FD531CBB5704000934B3 /* split.c in Sources */ = {isa = PBXBuildFile; fileRef = FC29FD331CBB5704000934B3 /* split.c */; };
		FC29FD541CBB5704000934B3 /* libzbar.a in Frameworks */ = {isa = PBXBuildFile; fileRef = FC29FD351CBB5704000934B3 /* libzbar.a */; };
		FC29FD551CBB5704000934B3 /* README.md in Sources */ = {isa = PBXBuildFile; fileRef = FC29FD361CBB5704000934B3 /* README.md */; };
		FC29FD561CBB5704000934B3 /* zbar-back.png in Resources */ = {isa = PBXBuildFile; fileRef = FC29FD381CBB5704000934B3 /* zbar-back.png */; };
		FC29FD571CBB5704000934B3 /* zbar-help.html in Resources */ = {isa = PBXBuildFile; fileRef = FC29FD391CBB5704000934B3 /* zbar-help.html */; };
		FC29FD581CBB5704000934B3 /* zbar-helpicons.png in Resources */ = {isa = PBXBuildFile; fileRef = FC29FD3A1CBB5704000934B3 /* zbar-helpicons.png */; };
		FC29FD591CBB5704000934B3 /* zbar-samples.png in Resources */ = {isa = PBXBuildFile; fileRef = FC29FD3B1CBB5704000934B3 /* zbar-samples.png */; };
		FC29FD5A1CBB5704000934B3 /* qrcode_scan_bar@2x.png in Resources */ = {isa = PBXBuildFile; fileRef = FC29FD3D1CBB5704000934B3 /* qrcode_scan_bar@2x.png */; };
		FC29FD5B1CBB5704000934B3 /* qrcode_scan_bg_Green@2x.png in Resources */ = {isa = PBXBuildFile; fileRef = FC29FD3E1CBB5704000934B3 /* qrcode_scan_bg_Green@2x.png */; };
		FC29FD5C1CBB5704000934B3 /* qrcode_scan_bg_Green_iphone5@2x.png in Resources */ = {isa = PBXBuildFile; fileRef = FC29FD3F1CBB5704000934B3 /* qrcode_scan_bg_Green_iphone5@2x.png */; };
		FC29FD5D1CBB5704000934B3 /* qrcode_scan_btn_flash_down@2x.png in Resources */ = {isa = PBXBuildFile; fileRef = FC29FD401CBB5704000934B3 /* qrcode_scan_btn_flash_down@2x.png */; };
		FC29FD5E1CBB5704000934B3 /* qrcode_scan_btn_flash_nor@2x.png in Resources */ = {isa = PBXBuildFile; fileRef = FC29FD411CBB5704000934B3 /* qrcode_scan_btn_flash_nor@2x.png */; };
		FC29FD5F1CBB5704000934B3 /* qrcode_scan_btn_myqrcode_down@2x.png in Resources */ = {isa = PBXBuildFile; fileRef = FC29FD421CBB5704000934B3 /* qrcode_scan_btn_myqrcode_down@2x.png */; };
		FC29FD601CBB5704000934B3 /* qrcode_scan_btn_myqrcode_nor@2x.png in Resources */ = {isa = PBXBuildFile; fileRef = FC29FD431CBB5704000934B3 /* qrcode_scan_btn_myqrcode_nor@2x.png */; };
		FC29FD611CBB5704000934B3 /* qrcode_scan_btn_photo_down@2x.png in Resources */ = {isa = PBXBuildFile; fileRef = FC29FD441CBB5704000934B3 /* qrcode_scan_btn_photo_down@2x.png */; };
		FC29FD621CBB5704000934B3 /* qrcode_scan_btn_photo_nor@2x.png in Resources */ = {isa = PBXBuildFile; fileRef = FC29FD451CBB5704000934B3 /* qrcode_scan_btn_photo_nor@2x.png */; };
		FC29FD631CBB5704000934B3 /* qrcode_scan_btn_scan_off@2x.png in Resources */ = {isa = PBXBuildFile; fileRef = FC29FD461CBB5704000934B3 /* qrcode_scan_btn_scan_off@2x.png */; };
		FC29FD641CBB5704000934B3 /* qrcode_scan_light_green@2x.png in Resources */ = {isa = PBXBuildFile; fileRef = FC29FD471CBB5704000934B3 /* qrcode_scan_light_green@2x.png */; };
		FC29FD651CBB5704000934B3 /* qrcode_scan_titlebar_back_nor@2x.png in Resources */ = {isa = PBXBuildFile; fileRef = FC29FD481CBB5704000934B3 /* qrcode_scan_titlebar_back_nor@2x.png */; };
		FC29FD661CBB5704000934B3 /* qrcode_scan_titlebar_back_pressed@2x.png in Resources */ = {isa = PBXBuildFile; fileRef = FC29FD491CBB5704000934B3 /* qrcode_scan_titlebar_back_pressed@2x.png */; };
		FC29FD671CBB5704000934B3 /* ZCZBarViewController.mm in Sources */ = {isa = PBXBuildFile; fileRef = FC29FD4B1CBB5704000934B3 /* ZCZBarViewController.mm */; };
		FC29FD6C1CBB6A53000934B3 /* GTMBase64.m in Sources */ = {isa = PBXBuildFile; fileRef = FC29FD6A1CBB6A53000934B3 /* GTMBase64.m */; settings = {COMPILER_FLAGS = "-fno-objc-arc"; }; };
		FC29FD6E1CBB6C0F000934B3 /* AVFoundation.framework in Frameworks */ = {isa = PBXBuildFile; fileRef = FC29FD6D1CBB6C0F000934B3 /* AVFoundation.framework */; };
		FC29FD701CBB6C1D000934B3 /* CoreMedia.framework in Frameworks */ = {isa = PBXBuildFile; fileRef = FC29FD6F1CBB6C1D000934B3 /* CoreMedia.framework */; };
		FC29FD721CBB6C2F000934B3 /* CoreVideo.framework in Frameworks */ = {isa = PBXBuildFile; fileRef = FC29FD711CBB6C2F000934B3 /* CoreVideo.framework */; };
		FC29FD741CBB6C3B000934B3 /* QuartzCore.framework in Frameworks */ = {isa = PBXBuildFile; fileRef = FC29FD731CBB6C3B000934B3 /* QuartzCore.framework */; };
		FC29FD761CBB6C4C000934B3 /* libiconv.2.4.0.tbd in Frameworks */ = {isa = PBXBuildFile; fileRef = FC29FD751CBB6C4C000934B3 /* libiconv.2.4.0.tbd */; };
		FC29FD791CBB7492000934B3 /* NSString+ThreeDES.m in Sources */ = {isa = PBXBuildFile; fileRef = FC29FD781CBB7492000934B3 /* NSString+ThreeDES.m */; settings = {COMPILER_FLAGS = "-fno-objc-arc"; }; };
		FC29FD851CBB962D000934B3 /* UIColor+Kit.m in Sources */ = {isa = PBXBuildFile; fileRef = FC29FD841CBB962D000934B3 /* UIColor+Kit.m */; };
		FC4C65FF1CB77740007309EB /* main.m in Sources */ = {isa = PBXBuildFile; fileRef = FC4C65FE1CB77740007309EB /* main.m */; };
		FC4C66021CB77740007309EB /* AppDelegate.m in Sources */ = {isa = PBXBuildFile; fileRef = FC4C66011CB77740007309EB /* AppDelegate.m */; };
		FC4C66051CB77740007309EB /* ViewController.m in Sources */ = {isa = PBXBuildFile; fileRef = FC4C66041CB77740007309EB /* ViewController.m */; };
		FC4C66081CB77740007309EB /* Main.storyboard in Resources */ = {isa = PBXBuildFile; fileRef = FC4C66061CB77740007309EB /* Main.storyboard */; };
		FC4C660B1CB77740007309EB /* YHCar.xcdatamodeld in Sources */ = {isa = PBXBuildFile; fileRef = FC4C66091CB77740007309EB /* YHCar.xcdatamodeld */; };
		FC4C660D1CB77740007309EB /* Assets.xcassets in Resources */ = {isa = PBXBuildFile; fileRef = FC4C660C1CB77740007309EB /* Assets.xcassets */; };
		FC4C66101CB77740007309EB /* LaunchScreen.storyboard in Resources */ = {isa = PBXBuildFile; fileRef = FC4C660E1CB77740007309EB /* LaunchScreen.storyboard */; };
		FC4C661B1CB77740007309EB /* YHCarTests.m in Sources */ = {isa = PBXBuildFile; fileRef = FC4C661A1CB77740007309EB /* YHCarTests.m */; };
		FC4C66261CB77740007309EB /* YHCarUITests.m in Sources */ = {isa = PBXBuildFile; fileRef = FC4C66251CB77740007309EB /* YHCarUITests.m */; };
		FC4F32CC1CB7985E0080D460 /* UITableView+SDAutoTableViewCellHeight.m in Sources */ = {isa = PBXBuildFile; fileRef = FC4F32C91CB7985E0080D460 /* UITableView+SDAutoTableViewCellHeight.m */; };
		FC4F32CD1CB7985E0080D460 /* UIView+SDAutoLayout.m in Sources */ = {isa = PBXBuildFile; fileRef = FC4F32CB1CB7985E0080D460 /* UIView+SDAutoLayout.m */; };
		FC4F32EF1CB798740080D460 /* MKAnnotationView+WebCache.m in Sources */ = {isa = PBXBuildFile; fileRef = FC4F32CF1CB798740080D460 /* MKAnnotationView+WebCache.m */; };
		FC4F32F01CB798740080D460 /* NSData+ImageContentType.m in Sources */ = {isa = PBXBuildFile; fileRef = FC4F32D11CB798740080D460 /* NSData+ImageContentType.m */; };
		FC4F32F11CB798740080D460 /* SDImageCache.m in Sources */ = {isa = PBXBuildFile; fileRef = FC4F32D31CB798740080D460 /* SDImageCache.m */; };
		FC4F32F21CB798740080D460 /* SDWebImageCompat.m in Sources */ = {isa = PBXBuildFile; fileRef = FC4F32D51CB798740080D460 /* SDWebImageCompat.m */; };
		FC4F32F31CB798740080D460 /* SDWebImageDecoder.m in Sources */ = {isa = PBXBuildFile; fileRef = FC4F32D71CB798740080D460 /* SDWebImageDecoder.m */; };
		FC4F32F41CB798740080D460 /* SDWebImageDownloader.m in Sources */ = {isa = PBXBuildFile; fileRef = FC4F32D91CB798740080D460 /* SDWebImageDownloader.m */; };
		FC4F32F51CB798740080D460 /* SDWebImageDownloaderOperation.m in Sources */ = {isa = PBXBuildFile; fileRef = FC4F32DB1CB798740080D460 /* SDWebImageDownloaderOperation.m */; };
		FC4F32F61CB798740080D460 /* SDWebImageManager.m in Sources */ = {isa = PBXBuildFile; fileRef = FC4F32DD1CB798740080D460 /* SDWebImageManager.m */; };
		FC4F32F71CB798740080D460 /* SDWebImagePrefetcher.m in Sources */ = {isa = PBXBuildFile; fileRef = FC4F32E01CB798740080D460 /* SDWebImagePrefetcher.m */; };
		FC4F32F81CB798740080D460 /* UIButton+WebCache.m in Sources */ = {isa = PBXBuildFile; fileRef = FC4F32E21CB798740080D460 /* UIButton+WebCache.m */; };
		FC4F32F91CB798740080D460 /* UIImage+GIF.m in Sources */ = {isa = PBXBuildFile; fileRef = FC4F32E41CB798740080D460 /* UIImage+GIF.m */; };
		FC4F32FA1CB798740080D460 /* UIImage+MultiFormat.m in Sources */ = {isa = PBXBuildFile; fileRef = FC4F32E61CB798740080D460 /* UIImage+MultiFormat.m */; };
		FC4F32FB1CB798740080D460 /* UIImage+WebP.m in Sources */ = {isa = PBXBuildFile; fileRef = FC4F32E81CB798740080D460 /* UIImage+WebP.m */; };
		FC4F32FC1CB798740080D460 /* UIImageView+HighlightedWebCache.m in Sources */ = {isa = PBXBuildFile; fileRef = FC4F32EA1CB798740080D460 /* UIImageView+HighlightedWebCache.m */; };
		FC4F32FD1CB798740080D460 /* UIImageView+WebCache.m in Sources */ = {isa = PBXBuildFile; fileRef = FC4F32EC1CB798740080D460 /* UIImageView+WebCache.m */; };
		FC4F32FE1CB798740080D460 /* UIView+WebCacheOperation.m in Sources */ = {isa = PBXBuildFile; fileRef = FC4F32EE1CB798740080D460 /* UIView+WebCacheOperation.m */; };
		FC4F33831CB79DA70080D460 /* NHRefreshNormalHeader.m in Sources */ = {isa = PBXBuildFile; fileRef = FC4F33801CB79DA70080D460 /* NHRefreshNormalHeader.m */; };
		FC4F33841CB79DA70080D460 /* NHRefreshBackNormalFooter.m in Sources */ = {isa = PBXBuildFile; fileRef = FC4F33821CB79DA70080D460 /* NHRefreshBackNormalFooter.m */; };
		FC4F33871CB79EF30080D460 /* LICENSE in Resources */ = {isa = PBXBuildFile; fileRef = FC4F33861CB79EF30080D460 /* LICENSE */; };
		FC4F33891CB79EFD0080D460 /* README.md in Sources */ = {isa = PBXBuildFile; fileRef = FC4F33881CB79EFD0080D460 /* README.md */; };
		FC4F33A11CB79F090080D460 /* MJDictionaryCache.m in Sources */ = {isa = PBXBuildFile; fileRef = FC4F338B1CB79F090080D460 /* MJDictionaryCache.m */; };
		FC4F33A21CB79F090080D460 /* MJExtensionConst.m in Sources */ = {isa = PBXBuildFile; fileRef = FC4F338E1CB79F090080D460 /* MJExtensionConst.m */; };
		FC4F33A31CB79F090080D460 /* MJFoundation.m in Sources */ = {isa = PBXBuildFile; fileRef = FC4F33901CB79F090080D460 /* MJFoundation.m */; };
		FC4F33A41CB79F090080D460 /* MJProperty.m in Sources */ = {isa = PBXBuildFile; fileRef = FC4F33921CB79F090080D460 /* MJProperty.m */; };
		FC4F33A51CB79F090080D460 /* MJPropertyKey.m in Sources */ = {isa = PBXBuildFile; fileRef = FC4F33941CB79F090080D460 /* MJPropertyKey.m */; };
		FC4F33A61CB79F090080D460 /* MJPropertyType.m in Sources */ = {isa = PBXBuildFile; fileRef = FC4F33961CB79F090080D460 /* MJPropertyType.m */; };
		FC4F33A71CB79F090080D460 /* NSObject+MJClass.m in Sources */ = {isa = PBXBuildFile; fileRef = FC4F33981CB79F090080D460 /* NSObject+MJClass.m */; };
		FC4F33A81CB79F090080D460 /* NSObject+MJCoding.m in Sources */ = {isa = PBXBuildFile; fileRef = FC4F339A1CB79F090080D460 /* NSObject+MJCoding.m */; };
		FC4F33A91CB79F090080D460 /* NSObject+MJKeyValue.m in Sources */ = {isa = PBXBuildFile; fileRef = FC4F339C1CB79F090080D460 /* NSObject+MJKeyValue.m */; };
		FC4F33AA1CB79F090080D460 /* NSObject+MJProperty.m in Sources */ = {isa = PBXBuildFile; fileRef = FC4F339E1CB79F090080D460 /* NSObject+MJProperty.m */; };
		FC4F33AB1CB79F090080D460 /* NSString+MJExtension.m in Sources */ = {isa = PBXBuildFile; fileRef = FC4F33A01CB79F090080D460 /* NSString+MJExtension.m */; };
		FCE3A8FE1CB93F1F005B29BA /* NSString+Kit.m in Sources */ = {isa = PBXBuildFile; fileRef = FCE3A8FD1CB93F1F005B29BA /* NSString+Kit.m */; };
		FCF04C021CB93BFE001DE1F7 /* HttpManager.m in Sources */ = {isa = PBXBuildFile; fileRef = FCF04C011CB93BFE001DE1F7 /* HttpManager.m */; };
		FCF04C051CB93C56001DE1F7 /* HttpReq.m in Sources */ = {isa = PBXBuildFile; fileRef = FCF04C041CB93C56001DE1F7 /* HttpReq.m */; };
/* End PBXBuildFile section */

/* Begin PBXContainerItemProxy section */
		FC4C66171CB77740007309EB /* PBXContainerItemProxy */ = {
			isa = PBXContainerItemProxy;
			containerPortal = FC4C65F21CB77740007309EB /* Project object */;
			proxyType = 1;
			remoteGlobalIDString = FC4C65F91CB77740007309EB;
			remoteInfo = YHCar;
		};
		FC4C66221CB77740007309EB /* PBXContainerItemProxy */ = {
			isa = PBXContainerItemProxy;
			containerPortal = FC4C65F21CB77740007309EB /* Project object */;
			proxyType = 1;
			remoteGlobalIDString = FC4C65F91CB77740007309EB;
			remoteInfo = YHCar;
		};
/* End PBXContainerItemProxy section */

/* Begin PBXFileReference section */
		4BBF36725B90AD3C38EBDBC5 /* Pods.release.xcconfig */ = {isa = PBXFileReference; includeInIndex = 1; lastKnownFileType = text.xcconfig; name = Pods.release.xcconfig; path = "Pods/Target Support Files/Pods/Pods.release.xcconfig"; sourceTree = "<group>"; };
		506A79F608FE3B967A4013BE /* Pods.debug.xcconfig */ = {isa = PBXFileReference; includeInIndex = 1; lastKnownFileType = text.xcconfig; name = Pods.debug.xcconfig; path = "Pods/Target Support Files/Pods/Pods.debug.xcconfig"; sourceTree = "<group>"; };
		87FBA3BF4A8C52406AAFD2C5 /* libPods.a */ = {isa = PBXFileReference; explicitFileType = archive.ar; includeInIndex = 0; path = libPods.a; sourceTree = BUILT_PRODUCTS_DIR; };
		FC29FD001CBB3808000934B3 /* YHStudentModel.h */ = {isa = PBXFileReference; fileEncoding = 4; lastKnownFileType = sourcecode.c.h; path = YHStudentModel.h; sourceTree = "<group>"; };
		FC29FD011CBB3808000934B3 /* YHStudentModel.m */ = {isa = PBXFileReference; fileEncoding = 4; lastKnownFileType = sourcecode.c.objc; path = YHStudentModel.m; sourceTree = "<group>"; };
		FC29FD031CBB3C0F000934B3 /* YHHomeViewController.h */ = {isa = PBXFileReference; fileEncoding = 4; lastKnownFileType = sourcecode.c.h; name = YHHomeViewController.h; path = YHCar/YHHomeViewController.h; sourceTree = "<group>"; };
		FC29FD041CBB3C0F000934B3 /* YHHomeViewController.m */ = {isa = PBXFileReference; fileEncoding = 4; lastKnownFileType = sourcecode.c.objc; name = YHHomeViewController.m; path = YHCar/YHHomeViewController.m; sourceTree = "<group>"; };
		FC29FD101CBB5704000934B3 /* Decoder.h */ = {isa = PBXFileReference; fileEncoding = 4; lastKnownFileType = sourcecode.c.h; path = Decoder.h; sourceTree = "<group>"; };
		FC29FD111CBB5704000934B3 /* Exception.h */ = {isa = PBXFileReference; fileEncoding = 4; lastKnownFileType = sourcecode.c.h; path = Exception.h; sourceTree = "<group>"; };
		FC29FD121CBB5704000934B3 /* Image.h */ = {isa = PBXFileReference; fileEncoding = 4; lastKnownFileType = sourcecode.c.h; path = Image.h; sourceTree = "<group>"; };
		FC29FD131CBB5704000934B3 /* ImageScanner.h */ = {isa = PBXFileReference; fileEncoding = 4; lastKnownFileType = sourcecode.c.h; path = ImageScanner.h; sourceTree = "<group>"; };
		FC29FD141CBB5704000934B3 /* Processor.h */ = {isa = PBXFileReference; fileEncoding = 4; lastKnownFileType = sourcecode.c.h; path = Processor.h; sourceTree = "<group>"; };
		FC29FD151CBB5704000934B3 /* Scanner.h */ = {isa = PBXFileReference; fileEncoding = 4; lastKnownFileType = sourcecode.c.h; path = Scanner.h; sourceTree = "<group>"; };
		FC29FD161CBB5704000934B3 /* Symbol.h */ = {isa = PBXFileReference; fileEncoding = 4; lastKnownFileType = sourcecode.c.h; path = Symbol.h; sourceTree = "<group>"; };
		FC29FD171CBB5704000934B3 /* Video.h */ = {isa = PBXFileReference; fileEncoding = 4; lastKnownFileType = sourcecode.c.h; path = Video.h; sourceTree = "<group>"; };
		FC29FD181CBB5704000934B3 /* Window.h */ = {isa = PBXFileReference; fileEncoding = 4; lastKnownFileType = sourcecode.c.h; path = Window.h; sourceTree = "<group>"; };
		FC29FD191CBB5704000934B3 /* zbar.h */ = {isa = PBXFileReference; fileEncoding = 4; lastKnownFileType = sourcecode.c.h; path = zbar.h; sourceTree = "<group>"; };
		FC29FD1A1CBB5704000934B3 /* ZBarCameraSimulator.h */ = {isa = PBXFileReference; fileEncoding = 4; lastKnownFileType = sourcecode.c.h; path = ZBarCameraSimulator.h; sourceTree = "<group>"; };
		FC29FD1B1CBB5704000934B3 /* ZBarCaptureReader.h */ = {isa = PBXFileReference; fileEncoding = 4; lastKnownFileType = sourcecode.c.h; path = ZBarCaptureReader.h; sourceTree = "<group>"; };
		FC29FD1C1CBB5704000934B3 /* ZBarHelpController.h */ = {isa = PBXFileReference; fileEncoding = 4; lastKnownFileType = sourcecode.c.h; path = ZBarHelpController.h; sourceTree = "<group>"; };
		FC29FD1D1CBB5704000934B3 /* ZBarImage.h */ = {isa = PBXFileReference; fileEncoding = 4; lastKnownFileType = sourcecode.c.h; path = ZBarImage.h; sourceTree = "<group>"; };
		FC29FD1E1CBB5704000934B3 /* ZBarImageScanner.h */ = {isa = PBXFileReference; fileEncoding = 4; lastKnownFileType = sourcecode.c.h; path = ZBarImageScanner.h; sourceTree = "<group>"; };
		FC29FD1F1CBB5704000934B3 /* ZBarReaderController.h */ = {isa = PBXFileReference; fileEncoding = 4; lastKnownFileType = sourcecode.c.h; path = ZBarReaderController.h; sourceTree = "<group>"; };
		FC29FD201CBB5704000934B3 /* ZBarReaderView.h */ = {isa = PBXFileReference; fileEncoding = 4; lastKnownFileType = sourcecode.c.h; path = ZBarReaderView.h; sourceTree = "<group>"; };
		FC29FD211CBB5704000934B3 /* ZBarReaderViewController.h */ = {isa = PBXFileReference; fileEncoding = 4; lastKnownFileType = sourcecode.c.h; path = ZBarReaderViewController.h; sourceTree = "<group>"; };
		FC29FD221CBB5704000934B3 /* ZBarSDK.h */ = {isa = PBXFileReference; fileEncoding = 4; lastKnownFileType = sourcecode.c.h; path = ZBarSDK.h; sourceTree = "<group>"; };
		FC29FD231CBB5704000934B3 /* ZBarSymbol.h */ = {isa = PBXFileReference; fileEncoding = 4; lastKnownFileType = sourcecode.c.h; path = ZBarSymbol.h; sourceTree = "<group>"; };
		FC29FD251CBB5704000934B3 /* bitstream.c */ = {isa = PBXFileReference; fileEncoding = 4; lastKnownFileType = sourcecode.c.c; path = bitstream.c; sourceTree = "<group>"; };
		FC29FD261CBB5704000934B3 /* bitstream.h */ = {isa = PBXFileReference; fileEncoding = 4; lastKnownFileType = sourcecode.c.h; path = bitstream.h; sourceTree = "<group>"; };
		FC29FD271CBB5704000934B3 /* mask.c */ = {isa = PBXFileReference; fileEncoding = 4; lastKnownFileType = sourcecode.c.c; path = mask.c; sourceTree = "<group>"; };
		FC29FD281CBB5704000934B3 /* mask.h */ = {isa = PBXFileReference; fileEncoding = 4; lastKnownFileType = sourcecode.c.h; path = mask.h; sourceTree = "<group>"; };
		FC29FD291CBB5704000934B3 /* QRCodeGenerator.h */ = {isa = PBXFileReference; fileEncoding = 4; lastKnownFileType = sourcecode.c.h; path = QRCodeGenerator.h; sourceTree = "<group>"; };
		FC29FD2A1CBB5704000934B3 /* QRCodeGenerator.m */ = {isa = PBXFileReference; fileEncoding = 4; lastKnownFileType = sourcecode.c.objc; path = QRCodeGenerator.m; sourceTree = "<group>"; };
		FC29FD2B1CBB5704000934B3 /* qrencode.c */ = {isa = PBXFileReference; fileEncoding = 4; lastKnownFileType = sourcecode.c.c; path = qrencode.c; sourceTree = "<group>"; };
		FC29FD2C1CBB5704000934B3 /* qrencode.h */ = {isa = PBXFileReference; fileEncoding = 4; lastKnownFileType = sourcecode.c.h; path = qrencode.h; sourceTree = "<group>"; };
		FC29FD2D1CBB5704000934B3 /* qrinput.c */ = {isa = PBXFileReference; fileEncoding = 4; lastKnownFileType = sourcecode.c.c; path = qrinput.c; sourceTree = "<group>"; };
		FC29FD2E1CBB5704000934B3 /* qrinput.h */ = {isa = PBXFileReference; fileEncoding = 4; lastKnownFileType = sourcecode.c.h; path = qrinput.h; sourceTree = "<group>"; };
		FC29FD2F1CBB5704000934B3 /* qrspec.c */ = {isa = PBXFileReference; fileEncoding = 4; lastKnownFileType = sourcecode.c.c; path = qrspec.c; sourceTree = "<group>"; };
		FC29FD301CBB5704000934B3 /* qrspec.h */ = {isa = PBXFileReference; fileEncoding = 4; lastKnownFileType = sourcecode.c.h; path = qrspec.h; sourceTree = "<group>"; };
		FC29FD311CBB5704000934B3 /* rscode.c */ = {isa = PBXFileReference; fileEncoding = 4; lastKnownFileType = sourcecode.c.c; path = rscode.c; sourceTree = "<group>"; };
		FC29FD321CBB5704000934B3 /* rscode.h */ = {isa = PBXFileReference; fileEncoding = 4; lastKnownFileType = sourcecode.c.h; path = rscode.h; sourceTree = "<group>"; };
		FC29FD331CBB5704000934B3 /* split.c */ = {isa = PBXFileReference; fileEncoding = 4; lastKnownFileType = sourcecode.c.c; path = split.c; sourceTree = "<group>"; };
		FC29FD341CBB5704000934B3 /* split.h */ = {isa = PBXFileReference; fileEncoding = 4; lastKnownFileType = sourcecode.c.h; path = split.h; sourceTree = "<group>"; };
		FC29FD351CBB5704000934B3 /* libzbar.a */ = {isa = PBXFileReference; lastKnownFileType = archive.ar; path = libzbar.a; sourceTree = "<group>"; };
		FC29FD361CBB5704000934B3 /* README.md */ = {isa = PBXFileReference; fileEncoding = 4; lastKnownFileType = net.daringfireball.markdown; path = README.md; sourceTree = "<group>"; };
		FC29FD381CBB5704000934B3 /* zbar-back.png */ = {isa = PBXFileReference; lastKnownFileType = image.png; path = "zbar-back.png"; sourceTree = "<group>"; };
		FC29FD391CBB5704000934B3 /* zbar-help.html */ = {isa = PBXFileReference; fileEncoding = 4; lastKnownFileType = text.html; path = "zbar-help.html"; sourceTree = "<group>"; };
		FC29FD3A1CBB5704000934B3 /* zbar-helpicons.png */ = {isa = PBXFileReference; lastKnownFileType = image.png; path = "zbar-helpicons.png"; sourceTree = "<group>"; };
		FC29FD3B1CBB5704000934B3 /* zbar-samples.png */ = {isa = PBXFileReference; lastKnownFileType = image.png; path = "zbar-samples.png"; sourceTree = "<group>"; };
		FC29FD3D1CBB5704000934B3 /* qrcode_scan_bar@2x.png */ = {isa = PBXFileReference; lastKnownFileType = image.png; path = "qrcode_scan_bar@2x.png"; sourceTree = "<group>"; };
		FC29FD3E1CBB5704000934B3 /* qrcode_scan_bg_Green@2x.png */ = {isa = PBXFileReference; lastKnownFileType = image.png; path = "qrcode_scan_bg_Green@2x.png"; sourceTree = "<group>"; };
		FC29FD3F1CBB5704000934B3 /* qrcode_scan_bg_Green_iphone5@2x.png */ = {isa = PBXFileReference; lastKnownFileType = image.png; path = "qrcode_scan_bg_Green_iphone5@2x.png"; sourceTree = "<group>"; };
		FC29FD401CBB5704000934B3 /* qrcode_scan_btn_flash_down@2x.png */ = {isa = PBXFileReference; lastKnownFileType = image.png; path = "qrcode_scan_btn_flash_down@2x.png"; sourceTree = "<group>"; };
		FC29FD411CBB5704000934B3 /* qrcode_scan_btn_flash_nor@2x.png */ = {isa = PBXFileReference; lastKnownFileType = image.png; path = "qrcode_scan_btn_flash_nor@2x.png"; sourceTree = "<group>"; };
		FC29FD421CBB5704000934B3 /* qrcode_scan_btn_myqrcode_down@2x.png */ = {isa = PBXFileReference; lastKnownFileType = image.png; path = "qrcode_scan_btn_myqrcode_down@2x.png"; sourceTree = "<group>"; };
		FC29FD431CBB5704000934B3 /* qrcode_scan_btn_myqrcode_nor@2x.png */ = {isa = PBXFileReference; lastKnownFileType = image.png; path = "qrcode_scan_btn_myqrcode_nor@2x.png"; sourceTree = "<group>"; };
		FC29FD441CBB5704000934B3 /* qrcode_scan_btn_photo_down@2x.png */ = {isa = PBXFileReference; lastKnownFileType = image.png; path = "qrcode_scan_btn_photo_down@2x.png"; sourceTree = "<group>"; };
		FC29FD451CBB5704000934B3 /* qrcode_scan_btn_photo_nor@2x.png */ = {isa = PBXFileReference; lastKnownFileType = image.png; path = "qrcode_scan_btn_photo_nor@2x.png"; sourceTree = "<group>"; };
		FC29FD461CBB5704000934B3 /* qrcode_scan_btn_scan_off@2x.png */ = {isa = PBXFileReference; lastKnownFileType = image.png; path = "qrcode_scan_btn_scan_off@2x.png"; sourceTree = "<group>"; };
		FC29FD471CBB5704000934B3 /* qrcode_scan_light_green@2x.png */ = {isa = PBXFileReference; lastKnownFileType = image.png; path = "qrcode_scan_light_green@2x.png"; sourceTree = "<group>"; };
		FC29FD481CBB5704000934B3 /* qrcode_scan_titlebar_back_nor@2x.png */ = {isa = PBXFileReference; lastKnownFileType = image.png; path = "qrcode_scan_titlebar_back_nor@2x.png"; sourceTree = "<group>"; };
		FC29FD491CBB5704000934B3 /* qrcode_scan_titlebar_back_pressed@2x.png */ = {isa = PBXFileReference; lastKnownFileType = image.png; path = "qrcode_scan_titlebar_back_pressed@2x.png"; sourceTree = "<group>"; };
		FC29FD4A1CBB5704000934B3 /* ZCZBarViewController.h */ = {isa = PBXFileReference; fileEncoding = 4; lastKnownFileType = sourcecode.c.h; path = ZCZBarViewController.h; sourceTree = "<group>"; };
		FC29FD4B1CBB5704000934B3 /* ZCZBarViewController.mm */ = {isa = PBXFileReference; fileEncoding = 4; lastKnownFileType = sourcecode.cpp.objcpp; path = ZCZBarViewController.mm; sourceTree = "<group>"; };
		FC29FD691CBB6A53000934B3 /* GTMBase64.h */ = {isa = PBXFileReference; fileEncoding = 4; lastKnownFileType = sourcecode.c.h; path = GTMBase64.h; sourceTree = "<group>"; };
		FC29FD6A1CBB6A53000934B3 /* GTMBase64.m */ = {isa = PBXFileReference; fileEncoding = 4; lastKnownFileType = sourcecode.c.objc; path = GTMBase64.m; sourceTree = "<group>"; };
		FC29FD6B1CBB6A53000934B3 /* GTMDefines.h */ = {isa = PBXFileReference; fileEncoding = 4; lastKnownFileType = sourcecode.c.h; path = GTMDefines.h; sourceTree = "<group>"; };
		FC29FD6D1CBB6C0F000934B3 /* AVFoundation.framework */ = {isa = PBXFileReference; lastKnownFileType = wrapper.framework; name = AVFoundation.framework; path = System/Library/Frameworks/AVFoundation.framework; sourceTree = SDKROOT; };
		FC29FD6F1CBB6C1D000934B3 /* CoreMedia.framework */ = {isa = PBXFileReference; lastKnownFileType = wrapper.framework; name = CoreMedia.framework; path = System/Library/Frameworks/CoreMedia.framework; sourceTree = SDKROOT; };
		FC29FD711CBB6C2F000934B3 /* CoreVideo.framework */ = {isa = PBXFileReference; lastKnownFileType = wrapper.framework; name = CoreVideo.framework; path = System/Library/Frameworks/CoreVideo.framework; sourceTree = SDKROOT; };
		FC29FD731CBB6C3B000934B3 /* QuartzCore.framework */ = {isa = PBXFileReference; lastKnownFileType = wrapper.framework; name = QuartzCore.framework; path = System/Library/Frameworks/QuartzCore.framework; sourceTree = SDKROOT; };
		FC29FD751CBB6C4C000934B3 /* libiconv.2.4.0.tbd */ = {isa = PBXFileReference; lastKnownFileType = "sourcecode.text-based-dylib-definition"; name = libiconv.2.4.0.tbd; path = usr/lib/libiconv.2.4.0.tbd; sourceTree = SDKROOT; };
		FC29FD771CBB7492000934B3 /* NSString+ThreeDES.h */ = {isa = PBXFileReference; fileEncoding = 4; lastKnownFileType = sourcecode.c.h; path = "NSString+ThreeDES.h"; sourceTree = "<group>"; };
		FC29FD781CBB7492000934B3 /* NSString+ThreeDES.m */ = {isa = PBXFileReference; fileEncoding = 4; lastKnownFileType = sourcecode.c.objc; path = "NSString+ThreeDES.m"; sourceTree = "<group>"; };
		FC29FD831CBB962D000934B3 /* UIColor+Kit.h */ = {isa = PBXFileReference; fileEncoding = 4; lastKnownFileType = sourcecode.c.h; path = "UIColor+Kit.h"; sourceTree = "<group>"; };
		FC29FD841CBB962D000934B3 /* UIColor+Kit.m */ = {isa = PBXFileReference; fileEncoding = 4; lastKnownFileType = sourcecode.c.objc; path = "UIColor+Kit.m"; sourceTree = "<group>"; };
		FC4C65FA1CB77740007309EB /* 元火.app */ = {isa = PBXFileReference; explicitFileType = wrapper.application; includeInIndex = 0; path = "元火.app"; sourceTree = BUILT_PRODUCTS_DIR; };
		FC4C65FE1CB77740007309EB /* main.m */ = {isa = PBXFileReference; lastKnownFileType = sourcecode.c.objc; path = main.m; sourceTree = "<group>"; };
		FC4C66001CB77740007309EB /* AppDelegate.h */ = {isa = PBXFileReference; lastKnownFileType = sourcecode.c.h; path = AppDelegate.h; sourceTree = "<group>"; };
		FC4C66011CB77740007309EB /* AppDelegate.m */ = {isa = PBXFileReference; lastKnownFileType = sourcecode.c.objc; path = AppDelegate.m; sourceTree = "<group>"; };
		FC4C66031CB77740007309EB /* ViewController.h */ = {isa = PBXFileReference; lastKnownFileType = sourcecode.c.h; name = ViewController.h; path = YHCar/ViewController.h; sourceTree = "<group>"; };
		FC4C66041CB77740007309EB /* ViewController.m */ = {isa = PBXFileReference; lastKnownFileType = sourcecode.c.objc; name = ViewController.m; path = YHCar/ViewController.m; sourceTree = "<group>"; };
		FC4C66071CB77740007309EB /* Base */ = {isa = PBXFileReference; lastKnownFileType = file.storyboard; name = Base; path = Base.lproj/Main.storyboard; sourceTree = "<group>"; };
		FC4C660A1CB77740007309EB /* YHCar.xcdatamodel */ = {isa = PBXFileReference; lastKnownFileType = wrapper.xcdatamodel; path = YHCar.xcdatamodel; sourceTree = "<group>"; };
		FC4C660C1CB77740007309EB /* Assets.xcassets */ = {isa = PBXFileReference; lastKnownFileType = folder.assetcatalog; path = Assets.xcassets; sourceTree = "<group>"; };
		FC4C660F1CB77740007309EB /* Base */ = {isa = PBXFileReference; lastKnownFileType = file.storyboard; name = Base; path = Base.lproj/LaunchScreen.storyboard; sourceTree = "<group>"; };
		FC4C66111CB77740007309EB /* Info.plist */ = {isa = PBXFileReference; lastKnownFileType = text.plist.xml; path = Info.plist; sourceTree = "<group>"; };
		FC4C66161CB77740007309EB /* YHCarTests.xctest */ = {isa = PBXFileReference; explicitFileType = wrapper.cfbundle; includeInIndex = 0; path = YHCarTests.xctest; sourceTree = BUILT_PRODUCTS_DIR; };
		FC4C661A1CB77740007309EB /* YHCarTests.m */ = {isa = PBXFileReference; lastKnownFileType = sourcecode.c.objc; path = YHCarTests.m; sourceTree = "<group>"; };
		FC4C661C1CB77740007309EB /* Info.plist */ = {isa = PBXFileReference; lastKnownFileType = text.plist.xml; path = Info.plist; sourceTree = "<group>"; };
		FC4C66211CB77740007309EB /* YHCarUITests.xctest */ = {isa = PBXFileReference; explicitFileType = wrapper.cfbundle; includeInIndex = 0; path = YHCarUITests.xctest; sourceTree = BUILT_PRODUCTS_DIR; };
		FC4C66251CB77740007309EB /* YHCarUITests.m */ = {isa = PBXFileReference; lastKnownFileType = sourcecode.c.objc; path = YHCarUITests.m; sourceTree = "<group>"; };
		FC4C66271CB77740007309EB /* Info.plist */ = {isa = PBXFileReference; lastKnownFileType = text.plist.xml; path = Info.plist; sourceTree = "<group>"; };
		FC4F32C81CB7985E0080D460 /* UITableView+SDAutoTableViewCellHeight.h */ = {isa = PBXFileReference; fileEncoding = 4; lastKnownFileType = sourcecode.c.h; path = "UITableView+SDAutoTableViewCellHeight.h"; sourceTree = "<group>"; };
		FC4F32C91CB7985E0080D460 /* UITableView+SDAutoTableViewCellHeight.m */ = {isa = PBXFileReference; fileEncoding = 4; lastKnownFileType = sourcecode.c.objc; path = "UITableView+SDAutoTableViewCellHeight.m"; sourceTree = "<group>"; };
		FC4F32CA1CB7985E0080D460 /* UIView+SDAutoLayout.h */ = {isa = PBXFileReference; fileEncoding = 4; lastKnownFileType = sourcecode.c.h; path = "UIView+SDAutoLayout.h"; sourceTree = "<group>"; };
		FC4F32CB1CB7985E0080D460 /* UIView+SDAutoLayout.m */ = {isa = PBXFileReference; fileEncoding = 4; lastKnownFileType = sourcecode.c.objc; path = "UIView+SDAutoLayout.m"; sourceTree = "<group>"; };
		FC4F32CE1CB798740080D460 /* MKAnnotationView+WebCache.h */ = {isa = PBXFileReference; fileEncoding = 4; lastKnownFileType = sourcecode.c.h; path = "MKAnnotationView+WebCache.h"; sourceTree = "<group>"; };
		FC4F32CF1CB798740080D460 /* MKAnnotationView+WebCache.m */ = {isa = PBXFileReference; fileEncoding = 4; lastKnownFileType = sourcecode.c.objc; path = "MKAnnotationView+WebCache.m"; sourceTree = "<group>"; };
		FC4F32D01CB798740080D460 /* NSData+ImageContentType.h */ = {isa = PBXFileReference; fileEncoding = 4; lastKnownFileType = sourcecode.c.h; path = "NSData+ImageContentType.h"; sourceTree = "<group>"; };
		FC4F32D11CB798740080D460 /* NSData+ImageContentType.m */ = {isa = PBXFileReference; fileEncoding = 4; lastKnownFileType = sourcecode.c.objc; path = "NSData+ImageContentType.m"; sourceTree = "<group>"; };
		FC4F32D21CB798740080D460 /* SDImageCache.h */ = {isa = PBXFileReference; fileEncoding = 4; lastKnownFileType = sourcecode.c.h; path = SDImageCache.h; sourceTree = "<group>"; };
		FC4F32D31CB798740080D460 /* SDImageCache.m */ = {isa = PBXFileReference; fileEncoding = 4; lastKnownFileType = sourcecode.c.objc; path = SDImageCache.m; sourceTree = "<group>"; };
		FC4F32D41CB798740080D460 /* SDWebImageCompat.h */ = {isa = PBXFileReference; fileEncoding = 4; lastKnownFileType = sourcecode.c.h; path = SDWebImageCompat.h; sourceTree = "<group>"; };
		FC4F32D51CB798740080D460 /* SDWebImageCompat.m */ = {isa = PBXFileReference; fileEncoding = 4; lastKnownFileType = sourcecode.c.objc; path = SDWebImageCompat.m; sourceTree = "<group>"; };
		FC4F32D61CB798740080D460 /* SDWebImageDecoder.h */ = {isa = PBXFileReference; fileEncoding = 4; lastKnownFileType = sourcecode.c.h; path = SDWebImageDecoder.h; sourceTree = "<group>"; };
		FC4F32D71CB798740080D460 /* SDWebImageDecoder.m */ = {isa = PBXFileReference; fileEncoding = 4; lastKnownFileType = sourcecode.c.objc; path = SDWebImageDecoder.m; sourceTree = "<group>"; };
		FC4F32D81CB798740080D460 /* SDWebImageDownloader.h */ = {isa = PBXFileReference; fileEncoding = 4; lastKnownFileType = sourcecode.c.h; path = SDWebImageDownloader.h; sourceTree = "<group>"; };
		FC4F32D91CB798740080D460 /* SDWebImageDownloader.m */ = {isa = PBXFileReference; fileEncoding = 4; lastKnownFileType = sourcecode.c.objc; path = SDWebImageDownloader.m; sourceTree = "<group>"; };
		FC4F32DA1CB798740080D460 /* SDWebImageDownloaderOperation.h */ = {isa = PBXFileReference; fileEncoding = 4; lastKnownFileType = sourcecode.c.h; path = SDWebImageDownloaderOperation.h; sourceTree = "<group>"; };
		FC4F32DB1CB798740080D460 /* SDWebImageDownloaderOperation.m */ = {isa = PBXFileReference; fileEncoding = 4; lastKnownFileType = sourcecode.c.objc; path = SDWebImageDownloaderOperation.m; sourceTree = "<group>"; };
		FC4F32DC1CB798740080D460 /* SDWebImageManager.h */ = {isa = PBXFileReference; fileEncoding = 4; lastKnownFileType = sourcecode.c.h; path = SDWebImageManager.h; sourceTree = "<group>"; };
		FC4F32DD1CB798740080D460 /* SDWebImageManager.m */ = {isa = PBXFileReference; fileEncoding = 4; lastKnownFileType = sourcecode.c.objc; path = SDWebImageManager.m; sourceTree = "<group>"; };
		FC4F32DE1CB798740080D460 /* SDWebImageOperation.h */ = {isa = PBXFileReference; fileEncoding = 4; lastKnownFileType = sourcecode.c.h; path = SDWebImageOperation.h; sourceTree = "<group>"; };
		FC4F32DF1CB798740080D460 /* SDWebImagePrefetcher.h */ = {isa = PBXFileReference; fileEncoding = 4; lastKnownFileType = sourcecode.c.h; path = SDWebImagePrefetcher.h; sourceTree = "<group>"; };
		FC4F32E01CB798740080D460 /* SDWebImagePrefetcher.m */ = {isa = PBXFileReference; fileEncoding = 4; lastKnownFileType = sourcecode.c.objc; path = SDWebImagePrefetcher.m; sourceTree = "<group>"; };
		FC4F32E11CB798740080D460 /* UIButton+WebCache.h */ = {isa = PBXFileReference; fileEncoding = 4; lastKnownFileType = sourcecode.c.h; path = "UIButton+WebCache.h"; sourceTree = "<group>"; };
		FC4F32E21CB798740080D460 /* UIButton+WebCache.m */ = {isa = PBXFileReference; fileEncoding = 4; lastKnownFileType = sourcecode.c.objc; path = "UIButton+WebCache.m"; sourceTree = "<group>"; };
		FC4F32E31CB798740080D460 /* UIImage+GIF.h */ = {isa = PBXFileReference; fileEncoding = 4; lastKnownFileType = sourcecode.c.h; path = "UIImage+GIF.h"; sourceTree = "<group>"; };
		FC4F32E41CB798740080D460 /* UIImage+GIF.m */ = {isa = PBXFileReference; fileEncoding = 4; lastKnownFileType = sourcecode.c.objc; path = "UIImage+GIF.m"; sourceTree = "<group>"; };
		FC4F32E51CB798740080D460 /* UIImage+MultiFormat.h */ = {isa = PBXFileReference; fileEncoding = 4; lastKnownFileType = sourcecode.c.h; path = "UIImage+MultiFormat.h"; sourceTree = "<group>"; };
		FC4F32E61CB798740080D460 /* UIImage+MultiFormat.m */ = {isa = PBXFileReference; fileEncoding = 4; lastKnownFileType = sourcecode.c.objc; path = "UIImage+MultiFormat.m"; sourceTree = "<group>"; };
		FC4F32E71CB798740080D460 /* UIImage+WebP.h */ = {isa = PBXFileReference; fileEncoding = 4; lastKnownFileType = sourcecode.c.h; path = "UIImage+WebP.h"; sourceTree = "<group>"; };
		FC4F32E81CB798740080D460 /* UIImage+WebP.m */ = {isa = PBXFileReference; fileEncoding = 4; lastKnownFileType = sourcecode.c.objc; path = "UIImage+WebP.m"; sourceTree = "<group>"; };
		FC4F32E91CB798740080D460 /* UIImageView+HighlightedWebCache.h */ = {isa = PBXFileReference; fileEncoding = 4; lastKnownFileType = sourcecode.c.h; path = "UIImageView+HighlightedWebCache.h"; sourceTree = "<group>"; };
		FC4F32EA1CB798740080D460 /* UIImageView+HighlightedWebCache.m */ = {isa = PBXFileReference; fileEncoding = 4; lastKnownFileType = sourcecode.c.objc; path = "UIImageView+HighlightedWebCache.m"; sourceTree = "<group>"; };
		FC4F32EB1CB798740080D460 /* UIImageView+WebCache.h */ = {isa = PBXFileReference; fileEncoding = 4; lastKnownFileType = sourcecode.c.h; path = "UIImageView+WebCache.h"; sourceTree = "<group>"; };
		FC4F32EC1CB798740080D460 /* UIImageView+WebCache.m */ = {isa = PBXFileReference; fileEncoding = 4; lastKnownFileType = sourcecode.c.objc; path = "UIImageView+WebCache.m"; sourceTree = "<group>"; };
		FC4F32ED1CB798740080D460 /* UIView+WebCacheOperation.h */ = {isa = PBXFileReference; fileEncoding = 4; lastKnownFileType = sourcecode.c.h; path = "UIView+WebCacheOperation.h"; sourceTree = "<group>"; };
		FC4F32EE1CB798740080D460 /* UIView+WebCacheOperation.m */ = {isa = PBXFileReference; fileEncoding = 4; lastKnownFileType = sourcecode.c.objc; path = "UIView+WebCacheOperation.m"; sourceTree = "<group>"; };
		FC4F337D1CB79CEF0080D460 /* NHAPI.h */ = {isa = PBXFileReference; fileEncoding = 4; lastKnownFileType = sourcecode.c.h; path = NHAPI.h; sourceTree = "<group>"; };
		FC4F337E1CB79DA70080D460 /* NHRefresh.h */ = {isa = PBXFileReference; fileEncoding = 4; lastKnownFileType = sourcecode.c.h; path = NHRefresh.h; sourceTree = "<group>"; };
		FC4F337F1CB79DA70080D460 /* NHRefreshNormalHeader.h */ = {isa = PBXFileReference; fileEncoding = 4; lastKnownFileType = sourcecode.c.h; path = NHRefreshNormalHeader.h; sourceTree = "<group>"; };
		FC4F33801CB79DA70080D460 /* NHRefreshNormalHeader.m */ = {isa = PBXFileReference; fileEncoding = 4; lastKnownFileType = sourcecode.c.objc; path = NHRefreshNormalHeader.m; sourceTree = "<group>"; };
		FC4F33811CB79DA70080D460 /* NHRefreshBackNormalFooter.h */ = {isa = PBXFileReference; fileEncoding = 4; lastKnownFileType = sourcecode.c.h; path = NHRefreshBackNormalFooter.h; sourceTree = "<group>"; };
		FC4F33821CB79DA70080D460 /* NHRefreshBackNormalFooter.m */ = {isa = PBXFileReference; fileEncoding = 4; lastKnownFileType = sourcecode.c.objc; path = NHRefreshBackNormalFooter.m; sourceTree = "<group>"; };
		FC4F33861CB79EF30080D460 /* LICENSE */ = {isa = PBXFileReference; fileEncoding = 4; lastKnownFileType = text; path = LICENSE; sourceTree = "<group>"; };
		FC4F33881CB79EFD0080D460 /* README.md */ = {isa = PBXFileReference; fileEncoding = 4; lastKnownFileType = net.daringfireball.markdown; path = README.md; sourceTree = "<group>"; };
		FC4F338A1CB79F090080D460 /* MJDictionaryCache.h */ = {isa = PBXFileReference; fileEncoding = 4; lastKnownFileType = sourcecode.c.h; path = MJDictionaryCache.h; sourceTree = "<group>"; };
		FC4F338B1CB79F090080D460 /* MJDictionaryCache.m */ = {isa = PBXFileReference; fileEncoding = 4; lastKnownFileType = sourcecode.c.objc; path = MJDictionaryCache.m; sourceTree = "<group>"; };
		FC4F338C1CB79F090080D460 /* MJExtension.h */ = {isa = PBXFileReference; fileEncoding = 4; lastKnownFileType = sourcecode.c.h; path = MJExtension.h; sourceTree = "<group>"; };
		FC4F338D1CB79F090080D460 /* MJExtensionConst.h */ = {isa = PBXFileReference; fileEncoding = 4; lastKnownFileType = sourcecode.c.h; path = MJExtensionConst.h; sourceTree = "<group>"; };
		FC4F338E1CB79F090080D460 /* MJExtensionConst.m */ = {isa = PBXFileReference; fileEncoding = 4; lastKnownFileType = sourcecode.c.objc; path = MJExtensionConst.m; sourceTree = "<group>"; };
		FC4F338F1CB79F090080D460 /* MJFoundation.h */ = {isa = PBXFileReference; fileEncoding = 4; lastKnownFileType = sourcecode.c.h; path = MJFoundation.h; sourceTree = "<group>"; };
		FC4F33901CB79F090080D460 /* MJFoundation.m */ = {isa = PBXFileReference; fileEncoding = 4; lastKnownFileType = sourcecode.c.objc; path = MJFoundation.m; sourceTree = "<group>"; };
		FC4F33911CB79F090080D460 /* MJProperty.h */ = {isa = PBXFileReference; fileEncoding = 4; lastKnownFileType = sourcecode.c.h; path = MJProperty.h; sourceTree = "<group>"; };
		FC4F33921CB79F090080D460 /* MJProperty.m */ = {isa = PBXFileReference; fileEncoding = 4; lastKnownFileType = sourcecode.c.objc; path = MJProperty.m; sourceTree = "<group>"; };
		FC4F33931CB79F090080D460 /* MJPropertyKey.h */ = {isa = PBXFileReference; fileEncoding = 4; lastKnownFileType = sourcecode.c.h; path = MJPropertyKey.h; sourceTree = "<group>"; };
		FC4F33941CB79F090080D460 /* MJPropertyKey.m */ = {isa = PBXFileReference; fileEncoding = 4; lastKnownFileType = sourcecode.c.objc; path = MJPropertyKey.m; sourceTree = "<group>"; };
		FC4F33951CB79F090080D460 /* MJPropertyType.h */ = {isa = PBXFileReference; fileEncoding = 4; lastKnownFileType = sourcecode.c.h; path = MJPropertyType.h; sourceTree = "<group>"; };
		FC4F33961CB79F090080D460 /* MJPropertyType.m */ = {isa = PBXFileReference; fileEncoding = 4; lastKnownFileType = sourcecode.c.objc; path = MJPropertyType.m; sourceTree = "<group>"; };
		FC4F33971CB79F090080D460 /* NSObject+MJClass.h */ = {isa = PBXFileReference; fileEncoding = 4; lastKnownFileType = sourcecode.c.h; path = "NSObject+MJClass.h"; sourceTree = "<group>"; };
		FC4F33981CB79F090080D460 /* NSObject+MJClass.m */ = {isa = PBXFileReference; fileEncoding = 4; lastKnownFileType = sourcecode.c.objc; path = "NSObject+MJClass.m"; sourceTree = "<group>"; };
		FC4F33991CB79F090080D460 /* NSObject+MJCoding.h */ = {isa = PBXFileReference; fileEncoding = 4; lastKnownFileType = sourcecode.c.h; path = "NSObject+MJCoding.h"; sourceTree = "<group>"; };
		FC4F339A1CB79F090080D460 /* NSObject+MJCoding.m */ = {isa = PBXFileReference; fileEncoding = 4; lastKnownFileType = sourcecode.c.objc; path = "NSObject+MJCoding.m"; sourceTree = "<group>"; };
		FC4F339B1CB79F090080D460 /* NSObject+MJKeyValue.h */ = {isa = PBXFileReference; fileEncoding = 4; lastKnownFileType = sourcecode.c.h; path = "NSObject+MJKeyValue.h"; sourceTree = "<group>"; };
		FC4F339C1CB79F090080D460 /* NSObject+MJKeyValue.m */ = {isa = PBXFileReference; fileEncoding = 4; lastKnownFileType = sourcecode.c.objc; path = "NSObject+MJKeyValue.m"; sourceTree = "<group>"; };
		FC4F339D1CB79F090080D460 /* NSObject+MJProperty.h */ = {isa = PBXFileReference; fileEncoding = 4; lastKnownFileType = sourcecode.c.h; path = "NSObject+MJProperty.h"; sourceTree = "<group>"; };
		FC4F339E1CB79F090080D460 /* NSObject+MJProperty.m */ = {isa = PBXFileReference; fileEncoding = 4; lastKnownFileType = sourcecode.c.objc; path = "NSObject+MJProperty.m"; sourceTree = "<group>"; };
		FC4F339F1CB79F090080D460 /* NSString+MJExtension.h */ = {isa = PBXFileReference; fileEncoding = 4; lastKnownFileType = sourcecode.c.h; path = "NSString+MJExtension.h"; sourceTree = "<group>"; };
		FC4F33A01CB79F090080D460 /* NSString+MJExtension.m */ = {isa = PBXFileReference; fileEncoding = 4; lastKnownFileType = sourcecode.c.objc; path = "NSString+MJExtension.m"; sourceTree = "<group>"; };
		FC4F33AD1CB7A0510080D460 /* ConfigDefine.h */ = {isa = PBXFileReference; fileEncoding = 4; lastKnownFileType = sourcecode.c.h; path = ConfigDefine.h; sourceTree = "<group>"; };
		FC4F33BC1CB7A52E0080D460 /* PrefixHeader.pch */ = {isa = PBXFileReference; fileEncoding = 4; lastKnownFileType = sourcecode.c.h; path = PrefixHeader.pch; sourceTree = "<group>"; };
		FCE3A8FC1CB93F1F005B29BA /* NSString+Kit.h */ = {isa = PBXFileReference; fileEncoding = 4; lastKnownFileType = sourcecode.c.h; path = "NSString+Kit.h"; sourceTree = "<group>"; };
		FCE3A8FD1CB93F1F005B29BA /* NSString+Kit.m */ = {isa = PBXFileReference; fileEncoding = 4; lastKnownFileType = sourcecode.c.objc; path = "NSString+Kit.m"; sourceTree = "<group>"; };
		FCF04C001CB93BFE001DE1F7 /* HttpManager.h */ = {isa = PBXFileReference; fileEncoding = 4; lastKnownFileType = sourcecode.c.h; path = HttpManager.h; sourceTree = "<group>"; };
		FCF04C011CB93BFE001DE1F7 /* HttpManager.m */ = {isa = PBXFileReference; fileEncoding = 4; lastKnownFileType = sourcecode.c.objc; path = HttpManager.m; sourceTree = "<group>"; };
		FCF04C031CB93C56001DE1F7 /* HttpReq.h */ = {isa = PBXFileReference; fileEncoding = 4; lastKnownFileType = sourcecode.c.h; path = HttpReq.h; sourceTree = "<group>"; };
		FCF04C041CB93C56001DE1F7 /* HttpReq.m */ = {isa = PBXFileReference; fileEncoding = 4; lastKnownFileType = sourcecode.c.objc; path = HttpReq.m; sourceTree = "<group>"; };
/* End PBXFileReference section */

/* Begin PBXFrameworksBuildPhase section */
		FC4C65F71CB77740007309EB /* Frameworks */ = {
			isa = PBXFrameworksBuildPhase;
			buildActionMask = 2147483647;
			files = (
				FC29FD761CBB6C4C000934B3 /* libiconv.2.4.0.tbd in Frameworks */,
				FC29FD741CBB6C3B000934B3 /* QuartzCore.framework in Frameworks */,
				FC29FD721CBB6C2F000934B3 /* CoreVideo.framework in Frameworks */,
				FC29FD701CBB6C1D000934B3 /* CoreMedia.framework in Frameworks */,
				FC29FD6E1CBB6C0F000934B3 /* AVFoundation.framework in Frameworks */,
				FC29FD541CBB5704000934B3 /* libzbar.a in Frameworks */,
				F524D46CE78D68B7C9FEE43F /* libPods.a in Frameworks */,
			);
			runOnlyForDeploymentPostprocessing = 0;
		};
		FC4C66131CB77740007309EB /* Frameworks */ = {
			isa = PBXFrameworksBuildPhase;
			buildActionMask = 2147483647;
			files = (
			);
			runOnlyForDeploymentPostprocessing = 0;
		};
		FC4C661E1CB77740007309EB /* Frameworks */ = {
			isa = PBXFrameworksBuildPhase;
			buildActionMask = 2147483647;
			files = (
			);
			runOnlyForDeploymentPostprocessing = 0;
		};
/* End PBXFrameworksBuildPhase section */

/* Begin PBXGroup section */
		5797F110034CA2F9275C0201 /* Frameworks */ = {
			isa = PBXGroup;
			children = (
				FC29FD751CBB6C4C000934B3 /* libiconv.2.4.0.tbd */,
				FC29FD731CBB6C3B000934B3 /* QuartzCore.framework */,
				FC29FD711CBB6C2F000934B3 /* CoreVideo.framework */,
				FC29FD6F1CBB6C1D000934B3 /* CoreMedia.framework */,
				FC29FD6D1CBB6C0F000934B3 /* AVFoundation.framework */,
				87FBA3BF4A8C52406AAFD2C5 /* libPods.a */,
			);
			name = Frameworks;
			sourceTree = "<group>";
		};
		B9D82A73BC6360D92EFF54E6 /* Pods */ = {
			isa = PBXGroup;
			children = (
				506A79F608FE3B967A4013BE /* Pods.debug.xcconfig */,
				4BBF36725B90AD3C38EBDBC5 /* Pods.release.xcconfig */,
			);
			name = Pods;
			sourceTree = "<group>";
		};
		FC29FD061CBB3FFB000934B3 /* UI */ = {
			isa = PBXGroup;
			children = (
				FC29FD7A1CBB7BCA000934B3 /* 首页 */,
				FC29FD071CBB4022000934B3 /* 登录 */,
			);
			name = UI;
			path = ..;
			sourceTree = "<group>";
		};
		FC29FD071CBB4022000934B3 /* 登录 */ = {
			isa = PBXGroup;
			children = (
				FC4C66031CB77740007309EB /* ViewController.h */,
				FC4C66041CB77740007309EB /* ViewController.m */,
			);
			name = "登录";
			sourceTree = "<group>";
		};
		FC29FD0C1CBB5704000934B3 /* ZBarSDK */ = {
			isa = PBXGroup;
			children = (
				FC29FD0D1CBB5704000934B3 /* Headers */,
				FC29FD241CBB5704000934B3 /* libqrencode */,
				FC29FD351CBB5704000934B3 /* libzbar.a */,
				FC29FD361CBB5704000934B3 /* README.md */,
				FC29FD371CBB5704000934B3 /* Resources */,
				FC29FD4A1CBB5704000934B3 /* ZCZBarViewController.h */,
				FC29FD4B1CBB5704000934B3 /* ZCZBarViewController.mm */,
			);
			path = ZBarSDK;
			sourceTree = "<group>";
		};
		FC29FD0D1CBB5704000934B3 /* Headers */ = {
			isa = PBXGroup;
			children = (
				FC29FD0E1CBB5704000934B3 /* ZBarSDK */,
			);
			path = Headers;
			sourceTree = "<group>";
		};
		FC29FD0E1CBB5704000934B3 /* ZBarSDK */ = {
			isa = PBXGroup;
			children = (
				FC29FD0F1CBB5704000934B3 /* zbar */,
				FC29FD191CBB5704000934B3 /* zbar.h */,
				FC29FD1A1CBB5704000934B3 /* ZBarCameraSimulator.h */,
				FC29FD1B1CBB5704000934B3 /* ZBarCaptureReader.h */,
				FC29FD1C1CBB5704000934B3 /* ZBarHelpController.h */,
				FC29FD1D1CBB5704000934B3 /* ZBarImage.h */,
				FC29FD1E1CBB5704000934B3 /* ZBarImageScanner.h */,
				FC29FD1F1CBB5704000934B3 /* ZBarReaderController.h */,
				FC29FD201CBB5704000934B3 /* ZBarReaderView.h */,
				FC29FD211CBB5704000934B3 /* ZBarReaderViewController.h */,
				FC29FD221CBB5704000934B3 /* ZBarSDK.h */,
				FC29FD231CBB5704000934B3 /* ZBarSymbol.h */,
			);
			path = ZBarSDK;
			sourceTree = "<group>";
		};
		FC29FD0F1CBB5704000934B3 /* zbar */ = {
			isa = PBXGroup;
			children = (
				FC29FD101CBB5704000934B3 /* Decoder.h */,
				FC29FD111CBB5704000934B3 /* Exception.h */,
				FC29FD121CBB5704000934B3 /* Image.h */,
				FC29FD131CBB5704000934B3 /* ImageScanner.h */,
				FC29FD141CBB5704000934B3 /* Processor.h */,
				FC29FD151CBB5704000934B3 /* Scanner.h */,
				FC29FD161CBB5704000934B3 /* Symbol.h */,
				FC29FD171CBB5704000934B3 /* Video.h */,
				FC29FD181CBB5704000934B3 /* Window.h */,
			);
			path = zbar;
			sourceTree = "<group>";
		};
		FC29FD241CBB5704000934B3 /* libqrencode */ = {
			isa = PBXGroup;
			children = (
				FC29FD251CBB5704000934B3 /* bitstream.c */,
				FC29FD261CBB5704000934B3 /* bitstream.h */,
				FC29FD271CBB5704000934B3 /* mask.c */,
				FC29FD281CBB5704000934B3 /* mask.h */,
				FC29FD291CBB5704000934B3 /* QRCodeGenerator.h */,
				FC29FD2A1CBB5704000934B3 /* QRCodeGenerator.m */,
				FC29FD2B1CBB5704000934B3 /* qrencode.c */,
				FC29FD2C1CBB5704000934B3 /* qrencode.h */,
				FC29FD2D1CBB5704000934B3 /* qrinput.c */,
				FC29FD2E1CBB5704000934B3 /* qrinput.h */,
				FC29FD2F1CBB5704000934B3 /* qrspec.c */,
				FC29FD301CBB5704000934B3 /* qrspec.h */,
				FC29FD311CBB5704000934B3 /* rscode.c */,
				FC29FD321CBB5704000934B3 /* rscode.h */,
				FC29FD331CBB5704000934B3 /* split.c */,
				FC29FD341CBB5704000934B3 /* split.h */,
			);
			path = libqrencode;
			sourceTree = "<group>";
		};
		FC29FD371CBB5704000934B3 /* Resources */ = {
			isa = PBXGroup;
			children = (
				FC29FD381CBB5704000934B3 /* zbar-back.png */,
				FC29FD391CBB5704000934B3 /* zbar-help.html */,
				FC29FD3A1CBB5704000934B3 /* zbar-helpicons.png */,
				FC29FD3B1CBB5704000934B3 /* zbar-samples.png */,
				FC29FD3C1CBB5704000934B3 /* ZbarImage */,
			);
			path = Resources;
			sourceTree = "<group>";
		};
		FC29FD3C1CBB5704000934B3 /* ZbarImage */ = {
			isa = PBXGroup;
			children = (
				FC29FD3D1CBB5704000934B3 /* qrcode_scan_bar@2x.png */,
				FC29FD3E1CBB5704000934B3 /* qrcode_scan_bg_Green@2x.png */,
				FC29FD3F1CBB5704000934B3 /* qrcode_scan_bg_Green_iphone5@2x.png */,
				FC29FD401CBB5704000934B3 /* qrcode_scan_btn_flash_down@2x.png */,
				FC29FD411CBB5704000934B3 /* qrcode_scan_btn_flash_nor@2x.png */,
				FC29FD421CBB5704000934B3 /* qrcode_scan_btn_myqrcode_down@2x.png */,
				FC29FD431CBB5704000934B3 /* qrcode_scan_btn_myqrcode_nor@2x.png */,
				FC29FD441CBB5704000934B3 /* qrcode_scan_btn_photo_down@2x.png */,
				FC29FD451CBB5704000934B3 /* qrcode_scan_btn_photo_nor@2x.png */,
				FC29FD461CBB5704000934B3 /* qrcode_scan_btn_scan_off@2x.png */,
				FC29FD471CBB5704000934B3 /* qrcode_scan_light_green@2x.png */,
				FC29FD481CBB5704000934B3 /* qrcode_scan_titlebar_back_nor@2x.png */,
				FC29FD491CBB5704000934B3 /* qrcode_scan_titlebar_back_pressed@2x.png */,
			);
			path = ZbarImage;
			sourceTree = "<group>";
		};
		FC29FD681CBB6A53000934B3 /* GTMBase64 */ = {
			isa = PBXGroup;
			children = (
				FC29FD691CBB6A53000934B3 /* GTMBase64.h */,
				FC29FD6A1CBB6A53000934B3 /* GTMBase64.m */,
				FC29FD6B1CBB6A53000934B3 /* GTMDefines.h */,
			);
			path = GTMBase64;
			sourceTree = "<group>";
		};
		FC29FD7A1CBB7BCA000934B3 /* 首页 */ = {
			isa = PBXGroup;
			children = (
				FC29FD031CBB3C0F000934B3 /* YHHomeViewController.h */,
				FC29FD041CBB3C0F000934B3 /* YHHomeViewController.m */,
			);
			name = "首页";
			sourceTree = "<group>";
		};
		FC29FD7E1CBB94C1000934B3 /* AFMinfoBanner */ = {
			isa = PBXGroup;
			children = (
			);
			name = AFMinfoBanner;
			sourceTree = "<group>";
		};
		FC4C65F11CB77740007309EB = {
			isa = PBXGroup;
			children = (
				FC4C65FC1CB77740007309EB /* YHCar */,
				FC4C66191CB77740007309EB /* YHCarTests */,
				FC4C66241CB77740007309EB /* YHCarUITests */,
				FC4C65FB1CB77740007309EB /* Products */,
				B9D82A73BC6360D92EFF54E6 /* Pods */,
				5797F110034CA2F9275C0201 /* Frameworks */,
			);
			sourceTree = "<group>";
		};
		FC4C65FB1CB77740007309EB /* Products */ = {
			isa = PBXGroup;
			children = (
				FC4C65FA1CB77740007309EB /* 元火.app */,
				FC4C66161CB77740007309EB /* YHCarTests.xctest */,
				FC4C66211CB77740007309EB /* YHCarUITests.xctest */,
			);
			name = Products;
			sourceTree = "<group>";
		};
		FC4C65FC1CB77740007309EB /* YHCar */ = {
			isa = PBXGroup;
			children = (
				FC4C66001CB77740007309EB /* AppDelegate.h */,
				FC4C66011CB77740007309EB /* AppDelegate.m */,
				FC4F333E1CB79BFD0080D460 /* Utils */,
				FC4F32C31CB796F70080D460 /* model */,
				FC4F32FF1CB7989D0080D460 /* Res */,
				FC4F333F1CB79C2D0080D460 /* Category */,
				FC4F32C51CB797B90080D460 /* Libs */,
				FC29FD061CBB3FFB000934B3 /* UI */,
				FC4C66061CB77740007309EB /* Main.storyboard */,
				FC4C660C1CB77740007309EB /* Assets.xcassets */,
				FC4C660E1CB77740007309EB /* LaunchScreen.storyboard */,
				FC4C66111CB77740007309EB /* Info.plist */,
				FC4C66091CB77740007309EB /* YHCar.xcdatamodeld */,
				FC4C65FD1CB77740007309EB /* Supporting Files */,
			);
			path = YHCar;
			sourceTree = "<group>";
		};
		FC4C65FD1CB77740007309EB /* Supporting Files */ = {
			isa = PBXGroup;
			children = (
				FC4C65FE1CB77740007309EB /* main.m */,
			);
			name = "Supporting Files";
			sourceTree = "<group>";
		};
		FC4C66191CB77740007309EB /* YHCarTests */ = {
			isa = PBXGroup;
			children = (
				FC4C661A1CB77740007309EB /* YHCarTests.m */,
				FC4C661C1CB77740007309EB /* Info.plist */,
			);
			path = YHCarTests;
			sourceTree = "<group>";
		};
		FC4C66241CB77740007309EB /* YHCarUITests */ = {
			isa = PBXGroup;
			children = (
				FC4C66251CB77740007309EB /* YHCarUITests.m */,
				FC4C66271CB77740007309EB /* Info.plist */,
			);
			path = YHCarUITests;
			sourceTree = "<group>";
		};
		FC4F32C31CB796F70080D460 /* model */ = {
			isa = PBXGroup;
			children = (
				FC29FD001CBB3808000934B3 /* YHStudentModel.h */,
				FC29FD011CBB3808000934B3 /* YHStudentModel.m */,
			);
			path = model;
			sourceTree = "<group>";
		};
		FC4F32C51CB797B90080D460 /* Libs */ = {
			isa = PBXGroup;
			children = (
				FC29FD7E1CBB94C1000934B3 /* AFMinfoBanner */,
				FC29FD681CBB6A53000934B3 /* GTMBase64 */,
				FC29FD0C1CBB5704000934B3 /* ZBarSDK */,
				FC4F33AC1CB79F0E0080D460 /* MJExtension */,
				FC4F33851CB79DAD0080D460 /* Refresh定制 */,
				FC4F32C61CB7984F0080D460 /* SDAutolayout */,
				FC4F32C71CB7984F0080D460 /* SDWebImage */,
			);
			path = Libs;
			sourceTree = "<group>";
		};
		FC4F32C61CB7984F0080D460 /* SDAutolayout */ = {
			isa = PBXGroup;
			children = (
				FC4F32C81CB7985E0080D460 /* UITableView+SDAutoTableViewCellHeight.h */,
				FC4F32C91CB7985E0080D460 /* UITableView+SDAutoTableViewCellHeight.m */,
				FC4F32CA1CB7985E0080D460 /* UIView+SDAutoLayout.h */,
				FC4F32CB1CB7985E0080D460 /* UIView+SDAutoLayout.m */,
			);
			path = SDAutolayout;
			sourceTree = "<group>";
		};
		FC4F32C71CB7984F0080D460 /* SDWebImage */ = {
			isa = PBXGroup;
			children = (
				FC4F32CE1CB798740080D460 /* MKAnnotationView+WebCache.h */,
				FC4F32CF1CB798740080D460 /* MKAnnotationView+WebCache.m */,
				FC4F32D01CB798740080D460 /* NSData+ImageContentType.h */,
				FC4F32D11CB798740080D460 /* NSData+ImageContentType.m */,
				FC4F32D21CB798740080D460 /* SDImageCache.h */,
				FC4F32D31CB798740080D460 /* SDImageCache.m */,
				FC4F32D41CB798740080D460 /* SDWebImageCompat.h */,
				FC4F32D51CB798740080D460 /* SDWebImageCompat.m */,
				FC4F32D61CB798740080D460 /* SDWebImageDecoder.h */,
				FC4F32D71CB798740080D460 /* SDWebImageDecoder.m */,
				FC4F32D81CB798740080D460 /* SDWebImageDownloader.h */,
				FC4F32D91CB798740080D460 /* SDWebImageDownloader.m */,
				FC4F32DA1CB798740080D460 /* SDWebImageDownloaderOperation.h */,
				FC4F32DB1CB798740080D460 /* SDWebImageDownloaderOperation.m */,
				FC4F32DC1CB798740080D460 /* SDWebImageManager.h */,
				FC4F32DD1CB798740080D460 /* SDWebImageManager.m */,
				FC4F32DE1CB798740080D460 /* SDWebImageOperation.h */,
				FC4F32DF1CB798740080D460 /* SDWebImagePrefetcher.h */,
				FC4F32E01CB798740080D460 /* SDWebImagePrefetcher.m */,
				FC4F32E11CB798740080D460 /* UIButton+WebCache.h */,
				FC4F32E21CB798740080D460 /* UIButton+WebCache.m */,
				FC4F32E31CB798740080D460 /* UIImage+GIF.h */,
				FC4F32E41CB798740080D460 /* UIImage+GIF.m */,
				FC4F32E51CB798740080D460 /* UIImage+MultiFormat.h */,
				FC4F32E61CB798740080D460 /* UIImage+MultiFormat.m */,
				FC4F32E71CB798740080D460 /* UIImage+WebP.h */,
				FC4F32E81CB798740080D460 /* UIImage+WebP.m */,
				FC4F32E91CB798740080D460 /* UIImageView+HighlightedWebCache.h */,
				FC4F32EA1CB798740080D460 /* UIImageView+HighlightedWebCache.m */,
				FC4F32EB1CB798740080D460 /* UIImageView+WebCache.h */,
				FC4F32EC1CB798740080D460 /* UIImageView+WebCache.m */,
				FC4F32ED1CB798740080D460 /* UIView+WebCacheOperation.h */,
				FC4F32EE1CB798740080D460 /* UIView+WebCacheOperation.m */,
			);
			path = SDWebImage;
			sourceTree = "<group>";
		};
		FC4F32FF1CB7989D0080D460 /* Res */ = {
			isa = PBXGroup;
			children = (
				FC4F33BC1CB7A52E0080D460 /* PrefixHeader.pch */,
			);
			name = Res;
			path = Libs/SDWebImage/Res;
			sourceTree = "<group>";
		};
		FC4F333E1CB79BFD0080D460 /* Utils */ = {
			isa = PBXGroup;
			children = (
				FCF04BFF1CB93BD1001DE1F7 /* HttpManager */,
				FC4F337D1CB79CEF0080D460 /* NHAPI.h */,
				FC4F33AD1CB7A0510080D460 /* ConfigDefine.h */,
			);
			path = Utils;
			sourceTree = "<group>";
		};
		FC4F333F1CB79C2D0080D460 /* Category */ = {
			isa = PBXGroup;
			children = (
				FCE3A8FC1CB93F1F005B29BA /* NSString+Kit.h */,
				FCE3A8FD1CB93F1F005B29BA /* NSString+Kit.m */,
				FC29FD831CBB962D000934B3 /* UIColor+Kit.h */,
				FC29FD841CBB962D000934B3 /* UIColor+Kit.m */,
				FC29FD771CBB7492000934B3 /* NSString+ThreeDES.h */,
				FC29FD781CBB7492000934B3 /* NSString+ThreeDES.m */,
			);
			name = Category;
			path = Libs/SDAutolayout/Category;
			sourceTree = "<group>";
		};
		FC4F33851CB79DAD0080D460 /* Refresh定制 */ = {
			isa = PBXGroup;
			children = (
				FC4F337E1CB79DA70080D460 /* NHRefresh.h */,
				FC4F337F1CB79DA70080D460 /* NHRefreshNormalHeader.h */,
				FC4F33801CB79DA70080D460 /* NHRefreshNormalHeader.m */,
				FC4F33811CB79DA70080D460 /* NHRefreshBackNormalFooter.h */,
				FC4F33821CB79DA70080D460 /* NHRefreshBackNormalFooter.m */,
			);
			name = "Refresh定制";
			sourceTree = "<group>";
		};
		FC4F33AC1CB79F0E0080D460 /* MJExtension */ = {
			isa = PBXGroup;
			children = (
				FC4F338A1CB79F090080D460 /* MJDictionaryCache.h */,
				FC4F338B1CB79F090080D460 /* MJDictionaryCache.m */,
				FC4F338C1CB79F090080D460 /* MJExtension.h */,
				FC4F338D1CB79F090080D460 /* MJExtensionConst.h */,
				FC4F338E1CB79F090080D460 /* MJExtensionConst.m */,
				FC4F338F1CB79F090080D460 /* MJFoundation.h */,
				FC4F33901CB79F090080D460 /* MJFoundation.m */,
				FC4F33911CB79F090080D460 /* MJProperty.h */,
				FC4F33921CB79F090080D460 /* MJProperty.m */,
				FC4F33931CB79F090080D460 /* MJPropertyKey.h */,
				FC4F33941CB79F090080D460 /* MJPropertyKey.m */,
				FC4F33951CB79F090080D460 /* MJPropertyType.h */,
				FC4F33961CB79F090080D460 /* MJPropertyType.m */,
				FC4F33971CB79F090080D460 /* NSObject+MJClass.h */,
				FC4F33981CB79F090080D460 /* NSObject+MJClass.m */,
				FC4F33991CB79F090080D460 /* NSObject+MJCoding.h */,
				FC4F339A1CB79F090080D460 /* NSObject+MJCoding.m */,
				FC4F339B1CB79F090080D460 /* NSObject+MJKeyValue.h */,
				FC4F339C1CB79F090080D460 /* NSObject+MJKeyValue.m */,
				FC4F339D1CB79F090080D460 /* NSObject+MJProperty.h */,
				FC4F339E1CB79F090080D460 /* NSObject+MJProperty.m */,
				FC4F339F1CB79F090080D460 /* NSString+MJExtension.h */,
				FC4F33A01CB79F090080D460 /* NSString+MJExtension.m */,
				FC4F33881CB79EFD0080D460 /* README.md */,
				FC4F33861CB79EF30080D460 /* LICENSE */,
			);
			name = MJExtension;
			sourceTree = "<group>";
		};
		FCF04BFF1CB93BD1001DE1F7 /* HttpManager */ = {
			isa = PBXGroup;
			children = (
				FCF04C001CB93BFE001DE1F7 /* HttpManager.h */,
				FCF04C011CB93BFE001DE1F7 /* HttpManager.m */,
				FCF04C031CB93C56001DE1F7 /* HttpReq.h */,
				FCF04C041CB93C56001DE1F7 /* HttpReq.m */,
			);
			name = HttpManager;
			sourceTree = "<group>";
		};
/* End PBXGroup section */

/* Begin PBXNativeTarget section */
		FC4C65F91CB77740007309EB /* YHCar */ = {
			isa = PBXNativeTarget;
			buildConfigurationList = FC4C662A1CB77740007309EB /* Build configuration list for PBXNativeTarget "YHCar" */;
			buildPhases = (
				E3BD5D2730173708E6173B82 /* Check Pods Manifest.lock */,
				FC4C65F61CB77740007309EB /* Sources */,
				FC4C65F71CB77740007309EB /* Frameworks */,
				FC4C65F81CB77740007309EB /* Resources */,
				952866E5E59614C0D0869BDD /* Embed Pods Frameworks */,
				A480461473D5C933B3372E53 /* Copy Pods Resources */,
			);
			buildRules = (
			);
			dependencies = (
			);
			name = YHCar;
			productName = YHCar;
			productReference = FC4C65FA1CB77740007309EB /* 元火.app */;
			productType = "com.apple.product-type.application";
		};
		FC4C66151CB77740007309EB /* YHCarTests */ = {
			isa = PBXNativeTarget;
			buildConfigurationList = FC4C662D1CB77740007309EB /* Build configuration list for PBXNativeTarget "YHCarTests" */;
			buildPhases = (
				FC4C66121CB77740007309EB /* Sources */,
				FC4C66131CB77740007309EB /* Frameworks */,
				FC4C66141CB77740007309EB /* Resources */,
			);
			buildRules = (
			);
			dependencies = (
				FC4C66181CB77740007309EB /* PBXTargetDependency */,
			);
			name = YHCarTests;
			productName = YHCarTests;
			productReference = FC4C66161CB77740007309EB /* YHCarTests.xctest */;
			productType = "com.apple.product-type.bundle.unit-test";
		};
		FC4C66201CB77740007309EB /* YHCarUITests */ = {
			isa = PBXNativeTarget;
			buildConfigurationList = FC4C66301CB77740007309EB /* Build configuration list for PBXNativeTarget "YHCarUITests" */;
			buildPhases = (
				FC4C661D1CB77740007309EB /* Sources */,
				FC4C661E1CB77740007309EB /* Frameworks */,
				FC4C661F1CB77740007309EB /* Resources */,
			);
			buildRules = (
			);
			dependencies = (
				FC4C66231CB77740007309EB /* PBXTargetDependency */,
			);
			name = YHCarUITests;
			productName = YHCarUITests;
			productReference = FC4C66211CB77740007309EB /* YHCarUITests.xctest */;
			productType = "com.apple.product-type.bundle.ui-testing";
		};
/* End PBXNativeTarget section */

/* Begin PBXProject section */
		FC4C65F21CB77740007309EB /* Project object */ = {
			isa = PBXProject;
			attributes = {
				LastUpgradeCheck = 0730;
				ORGANIZATIONNAME = "崔小雨";
				TargetAttributes = {
					FC4C65F91CB77740007309EB = {
						CreatedOnToolsVersion = 7.3;
						DevelopmentTeam = YRH8J9HBB3;
					};
					FC4C66151CB77740007309EB = {
						CreatedOnToolsVersion = 7.3;
						TestTargetID = FC4C65F91CB77740007309EB;
					};
					FC4C66201CB77740007309EB = {
						CreatedOnToolsVersion = 7.3;
						TestTargetID = FC4C65F91CB77740007309EB;
					};
				};
			};
			buildConfigurationList = FC4C65F51CB77740007309EB /* Build configuration list for PBXProject "YHCar" */;
			compatibilityVersion = "Xcode 3.2";
			developmentRegion = English;
			hasScannedForEncodings = 0;
			knownRegions = (
				en,
				Base,
			);
			mainGroup = FC4C65F11CB77740007309EB;
			productRefGroup = FC4C65FB1CB77740007309EB /* Products */;
			projectDirPath = "";
			projectRoot = "";
			targets = (
				FC4C65F91CB77740007309EB /* YHCar */,
				FC4C66151CB77740007309EB /* YHCarTests */,
				FC4C66201CB77740007309EB /* YHCarUITests */,
			);
		};
/* End PBXProject section */

/* Begin PBXResourcesBuildPhase section */
		FC4C65F81CB77740007309EB /* Resources */ = {
			isa = PBXResourcesBuildPhase;
			buildActionMask = 2147483647;
			files = (
				FC4C66101CB77740007309EB /* LaunchScreen.storyboard in Resources */,
				FC4C660D1CB77740007309EB /* Assets.xcassets in Resources */,
				FC4F33871CB79EF30080D460 /* LICENSE in Resources */,
				FC29FD5A1CBB5704000934B3 /* qrcode_scan_bar@2x.png in Resources */,
				FC29FD5F1CBB5704000934B3 /* qrcode_scan_btn_myqrcode_down@2x.png in Resources */,
				FC29FD5C1CBB5704000934B3 /* qrcode_scan_bg_Green_iphone5@2x.png in Resources */,
				FC29FD5D1CBB5704000934B3 /* qrcode_scan_btn_flash_down@2x.png in Resources */,
				FC29FD5B1CBB5704000934B3 /* qrcode_scan_bg_Green@2x.png in Resources */,
				FC29FD5E1CBB5704000934B3 /* qrcode_scan_btn_flash_nor@2x.png in Resources */,
				FC29FD611CBB5704000934B3 /* qrcode_scan_btn_photo_down@2x.png in Resources */,
				FC29FD601CBB5704000934B3 /* qrcode_scan_btn_myqrcode_nor@2x.png in Resources */,
				FC29FD631CBB5704000934B3 /* qrcode_scan_btn_scan_off@2x.png in Resources */,
				FC4C66081CB77740007309EB /* Main.storyboard in Resources */,
				FC29FD591CBB5704000934B3 /* zbar-samples.png in Resources */,
				FC29FD571CBB5704000934B3 /* zbar-help.html in Resources */,
				FC29FD651CBB5704000934B3 /* qrcode_scan_titlebar_back_nor@2x.png in Resources */,
				FC29FD661CBB5704000934B3 /* qrcode_scan_titlebar_back_pressed@2x.png in Resources */,
				FC29FD621CBB5704000934B3 /* qrcode_scan_btn_photo_nor@2x.png in Resources */,
				FC29FD641CBB5704000934B3 /* qrcode_scan_light_green@2x.png in Resources */,
				FC29FD561CBB5704000934B3 /* zbar-back.png in Resources */,
				FC29FD581CBB5704000934B3 /* zbar-helpicons.png in Resources */,
			);
			runOnlyForDeploymentPostprocessing = 0;
		};
		FC4C66141CB77740007309EB /* Resources */ = {
			isa = PBXResourcesBuildPhase;
			buildActionMask = 2147483647;
			files = (
			);
			runOnlyForDeploymentPostprocessing = 0;
		};
		FC4C661F1CB77740007309EB /* Resources */ = {
			isa = PBXResourcesBuildPhase;
			buildActionMask = 2147483647;
			files = (
			);
			runOnlyForDeploymentPostprocessing = 0;
		};
/* End PBXResourcesBuildPhase section */

/* Begin PBXShellScriptBuildPhase section */
		952866E5E59614C0D0869BDD /* Embed Pods Frameworks */ = {
			isa = PBXShellScriptBuildPhase;
			buildActionMask = 2147483647;
			files = (
			);
			inputPaths = (
			);
			name = "Embed Pods Frameworks";
			outputPaths = (
			);
			runOnlyForDeploymentPostprocessing = 0;
			shellPath = /bin/sh;
			shellScript = "\"${SRCROOT}/Pods/Target Support Files/Pods/Pods-frameworks.sh\"\n";
			showEnvVarsInLog = 0;
		};
		A480461473D5C933B3372E53 /* Copy Pods Resources */ = {
			isa = PBXShellScriptBuildPhase;
			buildActionMask = 2147483647;
			files = (
			);
			inputPaths = (
			);
			name = "Copy Pods Resources";
			outputPaths = (
			);
			runOnlyForDeploymentPostprocessing = 0;
			shellPath = /bin/sh;
			shellScript = "\"${SRCROOT}/Pods/Target Support Files/Pods/Pods-resources.sh\"\n";
			showEnvVarsInLog = 0;
		};
		E3BD5D2730173708E6173B82 /* Check Pods Manifest.lock */ = {
			isa = PBXShellScriptBuildPhase;
			buildActionMask = 2147483647;
			files = (
			);
			inputPaths = (
			);
			name = "Check Pods Manifest.lock";
			outputPaths = (
			);
			runOnlyForDeploymentPostprocessing = 0;
			shellPath = /bin/sh;
			shellScript = "diff \"${PODS_ROOT}/../Podfile.lock\" \"${PODS_ROOT}/Manifest.lock\" > /dev/null\nif [[ $? != 0 ]] ; then\n    cat << EOM\nerror: The sandbox is not in sync with the Podfile.lock. Run 'pod install' or update your CocoaPods installation.\nEOM\n    exit 1\nfi\n";
			showEnvVarsInLog = 0;
		};
/* End PBXShellScriptBuildPhase section */

/* Begin PBXSourcesBuildPhase section */
		FC4C65F61CB77740007309EB /* Sources */ = {
			isa = PBXSourcesBuildPhase;
			buildActionMask = 2147483647;
			files = (
				FC4C66051CB77740007309EB /* ViewController.m in Sources */,
				FC4F33A71CB79F090080D460 /* NSObject+MJClass.m in Sources */,
				FC4F33AA1CB79F090080D460 /* NSObject+MJProperty.m in Sources */,
				FC4F32F61CB798740080D460 /* SDWebImageManager.m in Sources */,
				FC29FD021CBB3808000934B3 /* YHStudentModel.m in Sources */,
				FC29FD4E1CBB5704000934B3 /* QRCodeGenerator.m in Sources */,
				FC4F32F11CB798740080D460 /* SDImageCache.m in Sources */,
				FC29FD511CBB5704000934B3 /* qrspec.c in Sources */,
				FC29FD531CBB5704000934B3 /* split.c in Sources */,
				FC4F32F51CB798740080D460 /* SDWebImageDownloaderOperation.m in Sources */,
				FC29FD051CBB3C0F000934B3 /* YHHomeViewController.m in Sources */,
				FC4F32FE1CB798740080D460 /* UIView+WebCacheOperation.m in Sources */,
				FC4C660B1CB77740007309EB /* YHCar.xcdatamodeld in Sources */,
				FC29FD851CBB962D000934B3 /* UIColor+Kit.m in Sources */,
				FC4F32F81CB798740080D460 /* UIButton+WebCache.m in Sources */,
				FC4F32F01CB798740080D460 /* NSData+ImageContentType.m in Sources */,
				FCF04C021CB93BFE001DE1F7 /* HttpManager.m in Sources */,
				FCE3A8FE1CB93F1F005B29BA /* NSString+Kit.m in Sources */,
				FC4F32F71CB798740080D460 /* SDWebImagePrefetcher.m in Sources */,
				FC4F32F41CB798740080D460 /* SDWebImageDownloader.m in Sources */,
				FC4F33A81CB79F090080D460 /* NSObject+MJCoding.m in Sources */,
				FC4F33A11CB79F090080D460 /* MJDictionaryCache.m in Sources */,
				FC4F33AB1CB79F090080D460 /* NSString+MJExtension.m in Sources */,
				FC4F33841CB79DA70080D460 /* NHRefreshBackNormalFooter.m in Sources */,
				FC4F32CD1CB7985E0080D460 /* UIView+SDAutoLayout.m in Sources */,
				FC4F32FB1CB798740080D460 /* UIImage+WebP.m in Sources */,
				FC29FD791CBB7492000934B3 /* NSString+ThreeDES.m in Sources */,
				FC4F32FD1CB798740080D460 /* UIImageView+WebCache.m in Sources */,
				FC4F32F31CB798740080D460 /* SDWebImageDecoder.m in Sources */,
				FC4F33A61CB79F090080D460 /* MJPropertyType.m in Sources */,
				FC29FD4F1CBB5704000934B3 /* qrencode.c in Sources */,
				FC4C66021CB77740007309EB /* AppDelegate.m in Sources */,
				FC4F32EF1CB798740080D460 /* MKAnnotationView+WebCache.m in Sources */,
				FCF04C051CB93C56001DE1F7 /* HttpReq.m in Sources */,
				FC29FD521CBB5704000934B3 /* rscode.c in Sources */,
				FC29FD4C1CBB5704000934B3 /* bitstream.c in Sources */,
				FC4F32F21CB798740080D460 /* SDWebImageCompat.m in Sources */,
				FC4C65FF1CB77740007309EB /* main.m in Sources */,
				FC4F33A91CB79F090080D460 /* NSObject+MJKeyValue.m in Sources */,
				FC4F33A41CB79F090080D460 /* MJProperty.m in Sources */,
				FC4F32CC1CB7985E0080D460 /* UITableView+SDAutoTableViewCellHeight.m in Sources */,
				FC4F33A31CB79F090080D460 /* MJFoundation.m in Sources */,
				FC29FD6C1CBB6A53000934B3 /* GTMBase64.m in Sources */,
				FC4F33A21CB79F090080D460 /* MJExtensionConst.m in Sources */,
				FC29FD671CBB5704000934B3 /* ZCZBarViewController.mm in Sources */,
				FC4F32FA1CB798740080D460 /* UIImage+MultiFormat.m in Sources */,
				FC4F32FC1CB798740080D460 /* UIImageView+HighlightedWebCache.m in Sources */,
				FC4F33891CB79EFD0080D460 /* README.md in Sources */,
				FC29FD551CBB5704000934B3 /* README.md in Sources */,
				FC4F33A51CB79F090080D460 /* MJPropertyKey.m in Sources */,
				FC4F33831CB79DA70080D460 /* NHRefreshNormalHeader.m in Sources */,
				FC29FD501CBB5704000934B3 /* qrinput.c in Sources */,
				FC4F32F91CB798740080D460 /* UIImage+GIF.m in Sources */,
				FC29FD4D1CBB5704000934B3 /* mask.c in Sources */,
			);
			runOnlyForDeploymentPostprocessing = 0;
		};
		FC4C66121CB77740007309EB /* Sources */ = {
			isa = PBXSourcesBuildPhase;
			buildActionMask = 2147483647;
			files = (
				FC4C661B1CB77740007309EB /* YHCarTests.m in Sources */,
			);
			runOnlyForDeploymentPostprocessing = 0;
		};
		FC4C661D1CB77740007309EB /* Sources */ = {
			isa = PBXSourcesBuildPhase;
			buildActionMask = 2147483647;
			files = (
				FC4C66261CB77740007309EB /* YHCarUITests.m in Sources */,
			);
			runOnlyForDeploymentPostprocessing = 0;
		};
/* End PBXSourcesBuildPhase section */

/* Begin PBXTargetDependency section */
		FC4C66181CB77740007309EB /* PBXTargetDependency */ = {
			isa = PBXTargetDependency;
			target = FC4C65F91CB77740007309EB /* YHCar */;
			targetProxy = FC4C66171CB77740007309EB /* PBXContainerItemProxy */;
		};
		FC4C66231CB77740007309EB /* PBXTargetDependency */ = {
			isa = PBXTargetDependency;
			target = FC4C65F91CB77740007309EB /* YHCar */;
			targetProxy = FC4C66221CB77740007309EB /* PBXContainerItemProxy */;
		};
/* End PBXTargetDependency section */

/* Begin PBXVariantGroup section */
		FC4C66061CB77740007309EB /* Main.storyboard */ = {
			isa = PBXVariantGroup;
			children = (
				FC4C66071CB77740007309EB /* Base */,
			);
			name = Main.storyboard;
			sourceTree = "<group>";
		};
		FC4C660E1CB77740007309EB /* LaunchScreen.storyboard */ = {
			isa = PBXVariantGroup;
			children = (
				FC4C660F1CB77740007309EB /* Base */,
			);
			name = LaunchScreen.storyboard;
			sourceTree = "<group>";
		};
/* End PBXVariantGroup section */

/* Begin XCBuildConfiguration section */
		FC4C66281CB77740007309EB /* Debug */ = {
			isa = XCBuildConfiguration;
			buildSettings = {
				ALWAYS_SEARCH_USER_PATHS = NO;
				CLANG_ANALYZER_NONNULL = YES;
				CLANG_CXX_LANGUAGE_STANDARD = "gnu++0x";
				CLANG_CXX_LIBRARY = "libc++";
				CLANG_ENABLE_MODULES = YES;
				CLANG_ENABLE_OBJC_ARC = YES;
				CLANG_WARN_BOOL_CONVERSION = YES;
				CLANG_WARN_CONSTANT_CONVERSION = YES;
				CLANG_WARN_DIRECT_OBJC_ISA_USAGE = YES_ERROR;
				CLANG_WARN_EMPTY_BODY = YES;
				CLANG_WARN_ENUM_CONVERSION = YES;
				CLANG_WARN_INT_CONVERSION = YES;
				CLANG_WARN_OBJC_ROOT_CLASS = YES_ERROR;
				CLANG_WARN_UNREACHABLE_CODE = YES;
				CLANG_WARN__DUPLICATE_METHOD_MATCH = YES;
				"CODE_SIGN_IDENTITY[sdk=iphoneos*]" = "iPhone Developer";
				COPY_PHASE_STRIP = NO;
				DEBUG_INFORMATION_FORMAT = dwarf;
				ENABLE_STRICT_OBJC_MSGSEND = YES;
				ENABLE_TESTABILITY = YES;
				GCC_C_LANGUAGE_STANDARD = gnu99;
				GCC_DYNAMIC_NO_PIC = NO;
				GCC_NO_COMMON_BLOCKS = YES;
				GCC_OPTIMIZATION_LEVEL = 0;
				GCC_PREPROCESSOR_DEFINITIONS = (
					"DEBUG=1",
					"$(inherited)",
				);
				GCC_WARN_64_TO_32_BIT_CONVERSION = YES;
				GCC_WARN_ABOUT_RETURN_TYPE = YES_ERROR;
				GCC_WARN_UNDECLARED_SELECTOR = YES;
				GCC_WARN_UNINITIALIZED_AUTOS = YES_AGGRESSIVE;
				GCC_WARN_UNUSED_FUNCTION = YES;
				GCC_WARN_UNUSED_VARIABLE = YES;
				IPHONEOS_DEPLOYMENT_TARGET = 9.3;
				MTL_ENABLE_DEBUG_INFO = YES;
				ONLY_ACTIVE_ARCH = YES;
				SDKROOT = iphoneos;
				TARGETED_DEVICE_FAMILY = "1,2";
			};
			name = Debug;
		};
		FC4C66291CB77740007309EB /* Release */ = {
			isa = XCBuildConfiguration;
			buildSettings = {
				ALWAYS_SEARCH_USER_PATHS = NO;
				CLANG_ANALYZER_NONNULL = YES;
				CLANG_CXX_LANGUAGE_STANDARD = "gnu++0x";
				CLANG_CXX_LIBRARY = "libc++";
				CLANG_ENABLE_MODULES = YES;
				CLANG_ENABLE_OBJC_ARC = YES;
				CLANG_WARN_BOOL_CONVERSION = YES;
				CLANG_WARN_CONSTANT_CONVERSION = YES;
				CLANG_WARN_DIRECT_OBJC_ISA_USAGE = YES_ERROR;
				CLANG_WARN_EMPTY_BODY = YES;
				CLANG_WARN_ENUM_CONVERSION = YES;
				CLANG_WARN_INT_CONVERSION = YES;
				CLANG_WARN_OBJC_ROOT_CLASS = YES_ERROR;
				CLANG_WARN_UNREACHABLE_CODE = YES;
				CLANG_WARN__DUPLICATE_METHOD_MATCH = YES;
				"CODE_SIGN_IDENTITY[sdk=iphoneos*]" = "iPhone Developer";
				COPY_PHASE_STRIP = NO;
				DEBUG_INFORMATION_FORMAT = "dwarf-with-dsym";
				ENABLE_NS_ASSERTIONS = NO;
				ENABLE_STRICT_OBJC_MSGSEND = YES;
				GCC_C_LANGUAGE_STANDARD = gnu99;
				GCC_NO_COMMON_BLOCKS = YES;
				GCC_WARN_64_TO_32_BIT_CONVERSION = YES;
				GCC_WARN_ABOUT_RETURN_TYPE = YES_ERROR;
				GCC_WARN_UNDECLARED_SELECTOR = YES;
				GCC_WARN_UNINITIALIZED_AUTOS = YES_AGGRESSIVE;
				GCC_WARN_UNUSED_FUNCTION = YES;
				GCC_WARN_UNUSED_VARIABLE = YES;
				IPHONEOS_DEPLOYMENT_TARGET = 9.3;
				MTL_ENABLE_DEBUG_INFO = NO;
				SDKROOT = iphoneos;
				TARGETED_DEVICE_FAMILY = "1,2";
				VALIDATE_PRODUCT = YES;
			};
			name = Release;
		};
		FC4C662B1CB77740007309EB /* Debug */ = {
			isa = XCBuildConfiguration;
			baseConfigurationReference = 506A79F608FE3B967A4013BE /* Pods.debug.xcconfig */;
			buildSettings = {
				ASSETCATALOG_COMPILER_APPICON_NAME = AppIcon;
				CODE_SIGN_IDENTITY = "iPhone Developer";
				ENABLE_BITCODE = NO;
				INFOPLIST_FILE = YHCar/Info.plist;
				IPHONEOS_DEPLOYMENT_TARGET = 7.0;
				LD_RUNPATH_SEARCH_PATHS = "$(inherited) @executable_path/Frameworks";
				LIBRARY_SEARCH_PATHS = (
					"$(inherited)",
					"$(PROJECT_DIR)/YHCar/Libs/ZBarSDK",
				);
				MTL_ENABLE_DEBUG_INFO = NO;
				ONLY_ACTIVE_ARCH = YES;
				PRODUCT_BUNDLE_IDENTIFIER = com.yhkj.YHCar.YHCar;
				PRODUCT_NAME = "元火";
			};
			name = Debug;
		};
		FC4C662C1CB77740007309EB /* Release */ = {
			isa = XCBuildConfiguration;
			baseConfigurationReference = 4BBF36725B90AD3C38EBDBC5 /* Pods.release.xcconfig */;
			buildSettings = {
				ASSETCATALOG_COMPILER_APPICON_NAME = AppIcon;
				CODE_SIGN_IDENTITY = "iPhone Developer";
				ENABLE_BITCODE = NO;
				INFOPLIST_FILE = YHCar/Info.plist;
				IPHONEOS_DEPLOYMENT_TARGET = 7.0;
				LD_RUNPATH_SEARCH_PATHS = "$(inherited) @executable_path/Frameworks";
				LIBRARY_SEARCH_PATHS = (
					"$(inherited)",
					"$(PROJECT_DIR)/YHCar/Libs/ZBarSDK",
				);
				PRODUCT_BUNDLE_IDENTIFIER = com.yhkj.YHCar.YHCar;
				PRODUCT_NAME = "元火";
			};
			name = Release;
		};
		FC4C662E1CB77740007309EB /* Debug */ = {
			isa = XCBuildConfiguration;
			buildSettings = {
				BUNDLE_LOADER = "$(TEST_HOST)";
				INFOPLIST_FILE = YHCarTests/Info.plist;
				LD_RUNPATH_SEARCH_PATHS = "$(inherited) @executable_path/Frameworks @loader_path/Frameworks";
				MTL_ENABLE_DEBUG_INFO = NO;
				PRODUCT_BUNDLE_IDENTIFIER = com.yhkj.YHCar.YHCarTests;
				PRODUCT_NAME = "$(TARGET_NAME)";
				TEST_HOST = "$(BUILT_PRODUCTS_DIR)/YHCar.app/YHCar";
			};
			name = Debug;
		};
		FC4C662F1CB77740007309EB /* Release */ = {
			isa = XCBuildConfiguration;
			buildSettings = {
				BUNDLE_LOADER = "$(TEST_HOST)";
				INFOPLIST_FILE = YHCarTests/Info.plist;
				LD_RUNPATH_SEARCH_PATHS = "$(inherited) @executable_path/Frameworks @loader_path/Frameworks";
				PRODUCT_BUNDLE_IDENTIFIER = com.yhkj.YHCar.YHCarTests;
				PRODUCT_NAME = "$(TARGET_NAME)";
				TEST_HOST = "$(BUILT_PRODUCTS_DIR)/YHCar.app/YHCar";
			};
			name = Release;
		};
		FC4C66311CB77740007309EB /* Debug */ = {
			isa = XCBuildConfiguration;
			buildSettings = {
				INFOPLIST_FILE = YHCarUITests/Info.plist;
				LD_RUNPATH_SEARCH_PATHS = "$(inherited) @executable_path/Frameworks @loader_path/Frameworks";
				MTL_ENABLE_DEBUG_INFO = NO;
				PRODUCT_BUNDLE_IDENTIFIER = com.yhkj.YHCar.YHCarUITests;
				PRODUCT_NAME = "$(TARGET_NAME)";
				TEST_TARGET_NAME = YHCar;
			};
			name = Debug;
		};
		FC4C66321CB77740007309EB /* Release */ = {
			isa = XCBuildConfiguration;
			buildSettings = {
				INFOPLIST_FILE = YHCarUITests/Info.plist;
				LD_RUNPATH_SEARCH_PATHS = "$(inherited) @executable_path/Frameworks @loader_path/Frameworks";
				PRODUCT_BUNDLE_IDENTIFIER = com.yhkj.YHCar.YHCarUITests;
				PRODUCT_NAME = "$(TARGET_NAME)";
				TEST_TARGET_NAME = YHCar;
			};
			name = Release;
		};
/* End XCBuildConfiguration section */

/* Begin XCConfigurationList section */
		FC4C65F51CB77740007309EB /* Build configuration list for PBXProject "YHCar" */ = {
			isa = XCConfigurationList;
			buildConfigurations = (
				FC4C66281CB77740007309EB /* Debug */,
				FC4C66291CB77740007309EB /* Release */,
			);
			defaultConfigurationIsVisible = 0;
			defaultConfigurationName = Release;
		};
		FC4C662A1CB77740007309EB /* Build configuration list for PBXNativeTarget "YHCar" */ = {
			isa = XCConfigurationList;
			buildConfigurations = (
				FC4C662B1CB77740007309EB /* Debug */,
				FC4C662C1CB77740007309EB /* Release */,
			);
			defaultConfigurationIsVisible = 0;
			defaultConfigurationName = Release;
		};
		FC4C662D1CB77740007309EB /* Build configuration list for PBXNativeTarget "YHCarTests" */ = {
			isa = XCConfigurationList;
			buildConfigurations = (
				FC4C662E1CB77740007309EB /* Debug */,
				FC4C662F1CB77740007309EB /* Release */,
			);
			defaultConfigurationIsVisible = 0;
			defaultConfigurationName = Release;
		};
		FC4C66301CB77740007309EB /* Build configuration list for PBXNativeTarget "YHCarUITests" */ = {
			isa = XCConfigurationList;
			buildConfigurations = (
				FC4C66311CB77740007309EB /* Debug */,
				FC4C66321CB77740007309EB /* Release */,
			);
			defaultConfigurationIsVisible = 0;
			defaultConfigurationName = Release;
		};
/* End XCConfigurationList section */

/* Begin XCVersionGroup section */
		FC4C66091CB77740007309EB /* YHCar.xcdatamodeld */ = {
			isa = XCVersionGroup;
			children = (
				FC4C660A1CB77740007309EB /* YHCar.xcdatamodel */,
			);
			currentVersion = FC4C660A1CB77740007309EB /* YHCar.xcdatamodel */;
			path = YHCar.xcdatamodeld;
			sourceTree = "<group>";
			versionGroupType = wrapper.xcdatamodel;
		};
/* End XCVersionGroup section */
	};
	rootObject = FC4C65F21CB77740007309EB /* Project object */;
}
